// !$*UTF8*$!
{
	archiveVersion = 1;
	classes = {
	};
	objectVersion = 46;
	objects = {

/* Begin PBXBuildFile section */
		0C25FBE625CE001F00A895C2 /* URLSessionProxyDelegate.swift in Sources */ = {isa = PBXBuildFile; fileRef = 0C25FBE525CE001F00A895C2 /* URLSessionProxyDelegate.swift */; };
		0C25FBFA25CE006D00A895C2 /* NetworkLoggerEvent.swift in Sources */ = {isa = PBXBuildFile; fileRef = 0C25FBF925CE006D00A895C2 /* NetworkLoggerEvent.swift */; };
		0C6F1A9025CCDD690023A30D /* ConsoleNetworkMessageView.swift in Sources */ = {isa = PBXBuildFile; fileRef = 0C6F1A8F25CCDD690023A30D /* ConsoleNetworkMessageView.swift */; };
		OBJ_100 /* Logging.framework in Frameworks */ = {isa = PBXBuildFile; fileRef = "swift-log::Logging::Product" /* Logging.framework */; };
		OBJ_107 /* Package.swift in Sources */ = {isa = PBXBuildFile; fileRef = OBJ_68 /* Package.swift */; };
		OBJ_113 /* Formatters.swift in Sources */ = {isa = PBXBuildFile; fileRef = OBJ_10 /* Formatters.swift */; };
		OBJ_114 /* Foundation+Extensions.swift in Sources */ = {isa = PBXBuildFile; fileRef = OBJ_11 /* Foundation+Extensions.swift */; };
		OBJ_115 /* NSAttributedString+Extensions.swift in Sources */ = {isa = PBXBuildFile; fileRef = OBJ_12 /* NSAttributedString+Extensions.swift */; };
		OBJ_116 /* Pulse+PulseUI.swift in Sources */ = {isa = PBXBuildFile; fileRef = OBJ_13 /* Pulse+PulseUI.swift */; };
		OBJ_117 /* ConsoleMessageView.swift in Sources */ = {isa = PBXBuildFile; fileRef = OBJ_16 /* ConsoleMessageView.swift */; };
		OBJ_118 /* ConsoleMessageViewListItem.swift in Sources */ = {isa = PBXBuildFile; fileRef = OBJ_17 /* ConsoleMessageViewListItem.swift */; };
		OBJ_120 /* ConsoleQuickFiltersView.swift in Sources */ = {isa = PBXBuildFile; fileRef = OBJ_19 /* ConsoleQuickFiltersView.swift */; };
		OBJ_121 /* ConsoleSearchView.swift in Sources */ = {isa = PBXBuildFile; fileRef = OBJ_20 /* ConsoleSearchView.swift */; };
		OBJ_122 /* ConsoleView.swift in Sources */ = {isa = PBXBuildFile; fileRef = OBJ_21 /* ConsoleView.swift */; };
		OBJ_123 /* ConsoleViewModel.swift in Sources */ = {isa = PBXBuildFile; fileRef = OBJ_22 /* ConsoleViewModel.swift */; };
		OBJ_124 /* ConsoleMessageDetailsRouter.swift in Sources */ = {isa = PBXBuildFile; fileRef = OBJ_24 /* ConsoleMessageDetailsRouter.swift */; };
		OBJ_125 /* ConsoleMessageDetailsView.swift in Sources */ = {isa = PBXBuildFile; fileRef = OBJ_25 /* ConsoleMessageDetailsView.swift */; };
		OBJ_126 /* ConsoleMessageDetailsViewModel.swift in Sources */ = {isa = PBXBuildFile; fileRef = OBJ_26 /* ConsoleMessageDetailsViewModel.swift */; };
		OBJ_127 /* NetworkInspectorHeadersView.swift in Sources */ = {isa = PBXBuildFile; fileRef = OBJ_28 /* NetworkInspectorHeadersView.swift */; };
		OBJ_128 /* NetworkInspectorMetricsDetailsView.swift in Sources */ = {isa = PBXBuildFile; fileRef = OBJ_29 /* NetworkInspectorMetricsDetailsView.swift */; };
		OBJ_129 /* NetworkInspectorMetricsView.swift in Sources */ = {isa = PBXBuildFile; fileRef = OBJ_30 /* NetworkInspectorMetricsView.swift */; };
		OBJ_130 /* NetworkInspectorRequestView.swift in Sources */ = {isa = PBXBuildFile; fileRef = OBJ_31 /* NetworkInspectorRequestView.swift */; };
		OBJ_131 /* NetworkInspectorResponseView.swift in Sources */ = {isa = PBXBuildFile; fileRef = OBJ_32 /* NetworkInspectorResponseView.swift */; };
		OBJ_132 /* NetworkInspectorSummaryView.swift in Sources */ = {isa = PBXBuildFile; fileRef = OBJ_33 /* NetworkInspectorSummaryView.swift */; };
		OBJ_133 /* NetworkInspectorTransferInfoView.swift in Sources */ = {isa = PBXBuildFile; fileRef = OBJ_34 /* NetworkInspectorTransferInfoView.swift */; };
		OBJ_134 /* NetworkInspectorView.swift in Sources */ = {isa = PBXBuildFile; fileRef = OBJ_35 /* NetworkInspectorView.swift */; };
		OBJ_135 /* ConsoleSettingsView.swift in Sources */ = {isa = PBXBuildFile; fileRef = OBJ_37 /* ConsoleSettingsView.swift */; };
		OBJ_136 /* MockDataTask.swift in Sources */ = {isa = PBXBuildFile; fileRef = OBJ_39 /* MockDataTask.swift */; };
		OBJ_137 /* MockStore.swift in Sources */ = {isa = PBXBuildFile; fileRef = OBJ_40 /* MockStore.swift */; };
		OBJ_138 /* BlobStore.swift in Sources */ = {isa = PBXBuildFile; fileRef = OBJ_42 /* BlobStore.swift */; };
		OBJ_139 /* ConsoleMessages.swift in Sources */ = {isa = PBXBuildFile; fileRef = OBJ_43 /* ConsoleMessages.swift */; };
		OBJ_140 /* ConsoleSearchService.swift in Sources */ = {isa = PBXBuildFile; fileRef = OBJ_44 /* ConsoleSearchService.swift */; };
		OBJ_141 /* ConsoleShareService.swift in Sources */ = {isa = PBXBuildFile; fileRef = OBJ_45 /* ConsoleShareService.swift */; };
		OBJ_142 /* JSONPrinter.swift in Sources */ = {isa = PBXBuildFile; fileRef = OBJ_46 /* JSONPrinter.swift */; };
		OBJ_143 /* NetworkLogger.swift in Sources */ = {isa = PBXBuildFile; fileRef = OBJ_47 /* NetworkLogger.swift */; };
		OBJ_144 /* NetworkLoggerSummary.swift in Sources */ = {isa = PBXBuildFile; fileRef = OBJ_48 /* NetworkLoggerSummary.swift */; };
		OBJ_145 /* Border.swift in Sources */ = {isa = PBXBuildFile; fileRef = OBJ_50 /* Border.swift */; };
		OBJ_146 /* SearchBar.swift in Sources */ = {isa = PBXBuildFile; fileRef = OBJ_51 /* SearchBar.swift */; };
		OBJ_147 /* ShareView.swift in Sources */ = {isa = PBXBuildFile; fileRef = OBJ_52 /* ShareView.swift */; };
		OBJ_148 /* TextView.swift in Sources */ = {isa = PBXBuildFile; fileRef = OBJ_53 /* TextView.swift */; };
		OBJ_149 /* Wrapped.swift in Sources */ = {isa = PBXBuildFile; fileRef = OBJ_54 /* Wrapped.swift */; };
		OBJ_150 /* UXKit.swift in Sources */ = {isa = PBXBuildFile; fileRef = OBJ_56 /* UXKit.swift */; };
		OBJ_151 /* JSONViewer.swift in Sources */ = {isa = PBXBuildFile; fileRef = OBJ_58 /* JSONViewer.swift */; };
		OBJ_152 /* KeyValueGridView.swift in Sources */ = {isa = PBXBuildFile; fileRef = OBJ_59 /* KeyValueGridView.swift */; };
		OBJ_153 /* KeyValueSectionView.swift in Sources */ = {isa = PBXBuildFile; fileRef = OBJ_60 /* KeyValueSectionView.swift */; };
		OBJ_154 /* TimingView.swift in Sources */ = {isa = PBXBuildFile; fileRef = OBJ_61 /* TimingView.swift */; };
		OBJ_156 /* Pulse.framework in Frameworks */ = {isa = PBXBuildFile; fileRef = "Pulse::Pulse::Product" /* Pulse.framework */; };
		OBJ_157 /* Logging.framework in Frameworks */ = {isa = PBXBuildFile; fileRef = "swift-log::Logging::Product" /* Logging.framework */; };
		OBJ_165 /* Package.swift in Sources */ = {isa = PBXBuildFile; fileRef = OBJ_6 /* Package.swift */; };
		OBJ_171 /* Package.swift in Sources */ = {isa = PBXBuildFile; fileRef = OBJ_74 /* Package.swift */; };
		OBJ_88 /* Locks.swift in Sources */ = {isa = PBXBuildFile; fileRef = OBJ_71 /* Locks.swift */; };
		OBJ_89 /* LogHandler.swift in Sources */ = {isa = PBXBuildFile; fileRef = OBJ_72 /* LogHandler.swift */; };
		OBJ_90 /* Logging.swift in Sources */ = {isa = PBXBuildFile; fileRef = OBJ_73 /* Logging.swift */; };
		OBJ_97 /* LoggerMessageStore.swift in Sources */ = {isa = PBXBuildFile; fileRef = OBJ_66 /* LoggerMessageStore.swift */; };
		OBJ_98 /* PersistentLogHandler.swift in Sources */ = {isa = PBXBuildFile; fileRef = OBJ_67 /* PersistentLogHandler.swift */; };
/* End PBXBuildFile section */

/* Begin PBXContainerItemProxy section */
		0CD802A625CCBBE6001C827C /* PBXContainerItemProxy */ = {
			isa = PBXContainerItemProxy;
			containerPortal = OBJ_1 /* Project object */;
			proxyType = 1;
			remoteGlobalIDString = "Pulse::Pulse";
			remoteInfo = Pulse;
		};
		0CD802A725CCBBE6001C827C /* PBXContainerItemProxy */ = {
			isa = PBXContainerItemProxy;
			containerPortal = OBJ_1 /* Project object */;
			proxyType = 1;
			remoteGlobalIDString = "swift-log::Logging";
			remoteInfo = Logging;
		};
		0CD802A825CCBBE6001C827C /* PBXContainerItemProxy */ = {
			isa = PBXContainerItemProxy;
			containerPortal = OBJ_1 /* Project object */;
			proxyType = 1;
			remoteGlobalIDString = "swift-log::Logging";
			remoteInfo = Logging;
		};
/* End PBXContainerItemProxy section */

/* Begin PBXFileReference section */
		0C25FBE525CE001F00A895C2 /* URLSessionProxyDelegate.swift */ = {isa = PBXFileReference; lastKnownFileType = sourcecode.swift; path = URLSessionProxyDelegate.swift; sourceTree = "<group>"; };
		0C25FBF925CE006D00A895C2 /* NetworkLoggerEvent.swift */ = {isa = PBXFileReference; lastKnownFileType = sourcecode.swift; path = NetworkLoggerEvent.swift; sourceTree = "<group>"; };
		0C6F1A8F25CCDD690023A30D /* ConsoleNetworkMessageView.swift */ = {isa = PBXFileReference; lastKnownFileType = sourcecode.swift; path = ConsoleNetworkMessageView.swift; sourceTree = "<group>"; };
		OBJ_10 /* Formatters.swift */ = {isa = PBXFileReference; lastKnownFileType = sourcecode.swift; path = Formatters.swift; sourceTree = "<group>"; };
		OBJ_11 /* Foundation+Extensions.swift */ = {isa = PBXFileReference; lastKnownFileType = sourcecode.swift; path = "Foundation+Extensions.swift"; sourceTree = "<group>"; };
		OBJ_12 /* NSAttributedString+Extensions.swift */ = {isa = PBXFileReference; lastKnownFileType = sourcecode.swift; path = "NSAttributedString+Extensions.swift"; sourceTree = "<group>"; };
		OBJ_13 /* Pulse+PulseUI.swift */ = {isa = PBXFileReference; lastKnownFileType = sourcecode.swift; path = "Pulse+PulseUI.swift"; sourceTree = "<group>"; };
		OBJ_16 /* ConsoleMessageView.swift */ = {isa = PBXFileReference; lastKnownFileType = sourcecode.swift; path = ConsoleMessageView.swift; sourceTree = "<group>"; };
		OBJ_17 /* ConsoleMessageViewListItem.swift */ = {isa = PBXFileReference; lastKnownFileType = sourcecode.swift; path = ConsoleMessageViewListItem.swift; sourceTree = "<group>"; };
		OBJ_19 /* ConsoleQuickFiltersView.swift */ = {isa = PBXFileReference; lastKnownFileType = sourcecode.swift; path = ConsoleQuickFiltersView.swift; sourceTree = "<group>"; };
		OBJ_20 /* ConsoleSearchView.swift */ = {isa = PBXFileReference; lastKnownFileType = sourcecode.swift; path = ConsoleSearchView.swift; sourceTree = "<group>"; };
		OBJ_21 /* ConsoleView.swift */ = {isa = PBXFileReference; lastKnownFileType = sourcecode.swift; path = ConsoleView.swift; sourceTree = "<group>"; };
		OBJ_22 /* ConsoleViewModel.swift */ = {isa = PBXFileReference; lastKnownFileType = sourcecode.swift; path = ConsoleViewModel.swift; sourceTree = "<group>"; };
		OBJ_24 /* ConsoleMessageDetailsRouter.swift */ = {isa = PBXFileReference; lastKnownFileType = sourcecode.swift; path = ConsoleMessageDetailsRouter.swift; sourceTree = "<group>"; };
		OBJ_25 /* ConsoleMessageDetailsView.swift */ = {isa = PBXFileReference; lastKnownFileType = sourcecode.swift; path = ConsoleMessageDetailsView.swift; sourceTree = "<group>"; };
		OBJ_26 /* ConsoleMessageDetailsViewModel.swift */ = {isa = PBXFileReference; lastKnownFileType = sourcecode.swift; path = ConsoleMessageDetailsViewModel.swift; sourceTree = "<group>"; };
		OBJ_28 /* NetworkInspectorHeadersView.swift */ = {isa = PBXFileReference; lastKnownFileType = sourcecode.swift; path = NetworkInspectorHeadersView.swift; sourceTree = "<group>"; };
		OBJ_29 /* NetworkInspectorMetricsDetailsView.swift */ = {isa = PBXFileReference; lastKnownFileType = sourcecode.swift; path = NetworkInspectorMetricsDetailsView.swift; sourceTree = "<group>"; };
		OBJ_30 /* NetworkInspectorMetricsView.swift */ = {isa = PBXFileReference; lastKnownFileType = sourcecode.swift; path = NetworkInspectorMetricsView.swift; sourceTree = "<group>"; };
		OBJ_31 /* NetworkInspectorRequestView.swift */ = {isa = PBXFileReference; lastKnownFileType = sourcecode.swift; path = NetworkInspectorRequestView.swift; sourceTree = "<group>"; };
		OBJ_32 /* NetworkInspectorResponseView.swift */ = {isa = PBXFileReference; lastKnownFileType = sourcecode.swift; path = NetworkInspectorResponseView.swift; sourceTree = "<group>"; };
		OBJ_33 /* NetworkInspectorSummaryView.swift */ = {isa = PBXFileReference; lastKnownFileType = sourcecode.swift; path = NetworkInspectorSummaryView.swift; sourceTree = "<group>"; };
		OBJ_34 /* NetworkInspectorTransferInfoView.swift */ = {isa = PBXFileReference; lastKnownFileType = sourcecode.swift; path = NetworkInspectorTransferInfoView.swift; sourceTree = "<group>"; };
		OBJ_35 /* NetworkInspectorView.swift */ = {isa = PBXFileReference; lastKnownFileType = sourcecode.swift; path = NetworkInspectorView.swift; sourceTree = "<group>"; };
		OBJ_37 /* ConsoleSettingsView.swift */ = {isa = PBXFileReference; lastKnownFileType = sourcecode.swift; path = ConsoleSettingsView.swift; sourceTree = "<group>"; };
		OBJ_39 /* MockDataTask.swift */ = {isa = PBXFileReference; lastKnownFileType = sourcecode.swift; path = MockDataTask.swift; sourceTree = "<group>"; };
		OBJ_40 /* MockStore.swift */ = {isa = PBXFileReference; lastKnownFileType = sourcecode.swift; path = MockStore.swift; sourceTree = "<group>"; };
		OBJ_42 /* BlobStore.swift */ = {isa = PBXFileReference; lastKnownFileType = sourcecode.swift; path = BlobStore.swift; sourceTree = "<group>"; };
		OBJ_43 /* ConsoleMessages.swift */ = {isa = PBXFileReference; lastKnownFileType = sourcecode.swift; path = ConsoleMessages.swift; sourceTree = "<group>"; };
		OBJ_44 /* ConsoleSearchService.swift */ = {isa = PBXFileReference; lastKnownFileType = sourcecode.swift; path = ConsoleSearchService.swift; sourceTree = "<group>"; };
		OBJ_45 /* ConsoleShareService.swift */ = {isa = PBXFileReference; lastKnownFileType = sourcecode.swift; path = ConsoleShareService.swift; sourceTree = "<group>"; };
		OBJ_46 /* JSONPrinter.swift */ = {isa = PBXFileReference; lastKnownFileType = sourcecode.swift; path = JSONPrinter.swift; sourceTree = "<group>"; };
		OBJ_47 /* NetworkLogger.swift */ = {isa = PBXFileReference; lastKnownFileType = sourcecode.swift; path = NetworkLogger.swift; sourceTree = "<group>"; };
		OBJ_48 /* NetworkLoggerSummary.swift */ = {isa = PBXFileReference; lastKnownFileType = sourcecode.swift; path = NetworkLoggerSummary.swift; sourceTree = "<group>"; };
		OBJ_50 /* Border.swift */ = {isa = PBXFileReference; lastKnownFileType = sourcecode.swift; path = Border.swift; sourceTree = "<group>"; };
		OBJ_51 /* SearchBar.swift */ = {isa = PBXFileReference; lastKnownFileType = sourcecode.swift; path = SearchBar.swift; sourceTree = "<group>"; };
		OBJ_52 /* ShareView.swift */ = {isa = PBXFileReference; lastKnownFileType = sourcecode.swift; path = ShareView.swift; sourceTree = "<group>"; };
		OBJ_53 /* TextView.swift */ = {isa = PBXFileReference; lastKnownFileType = sourcecode.swift; path = TextView.swift; sourceTree = "<group>"; };
		OBJ_54 /* Wrapped.swift */ = {isa = PBXFileReference; lastKnownFileType = sourcecode.swift; path = Wrapped.swift; sourceTree = "<group>"; };
		OBJ_56 /* UXKit.swift */ = {isa = PBXFileReference; lastKnownFileType = sourcecode.swift; path = UXKit.swift; sourceTree = "<group>"; };
		OBJ_58 /* JSONViewer.swift */ = {isa = PBXFileReference; lastKnownFileType = sourcecode.swift; path = JSONViewer.swift; sourceTree = "<group>"; };
		OBJ_59 /* KeyValueGridView.swift */ = {isa = PBXFileReference; lastKnownFileType = sourcecode.swift; path = KeyValueGridView.swift; sourceTree = "<group>"; };
		OBJ_6 /* Package.swift */ = {isa = PBXFileReference; explicitFileType = sourcecode.swift; path = Package.swift; sourceTree = "<group>"; };
		OBJ_60 /* KeyValueSectionView.swift */ = {isa = PBXFileReference; lastKnownFileType = sourcecode.swift; path = KeyValueSectionView.swift; sourceTree = "<group>"; };
		OBJ_61 /* TimingView.swift */ = {isa = PBXFileReference; lastKnownFileType = sourcecode.swift; path = TimingView.swift; sourceTree = "<group>"; };
		OBJ_66 /* LoggerMessageStore.swift */ = {isa = PBXFileReference; lastKnownFileType = sourcecode.swift; path = LoggerMessageStore.swift; sourceTree = "<group>"; };
		OBJ_67 /* PersistentLogHandler.swift */ = {isa = PBXFileReference; lastKnownFileType = sourcecode.swift; path = PersistentLogHandler.swift; sourceTree = "<group>"; };
		OBJ_68 /* Package.swift */ = {isa = PBXFileReference; explicitFileType = sourcecode.swift; name = Package.swift; path = /Users/kean/Develop/PulseUI/.build/checkouts/Pulse/Package.swift; sourceTree = "<group>"; };
		OBJ_71 /* Locks.swift */ = {isa = PBXFileReference; lastKnownFileType = sourcecode.swift; path = Locks.swift; sourceTree = "<group>"; };
		OBJ_72 /* LogHandler.swift */ = {isa = PBXFileReference; lastKnownFileType = sourcecode.swift; path = LogHandler.swift; sourceTree = "<group>"; };
		OBJ_73 /* Logging.swift */ = {isa = PBXFileReference; lastKnownFileType = sourcecode.swift; path = Logging.swift; sourceTree = "<group>"; };
		OBJ_74 /* Package.swift */ = {isa = PBXFileReference; explicitFileType = sourcecode.swift; name = Package.swift; path = "/Users/kean/Develop/PulseUI/.build/checkouts/swift-log/Package.swift"; sourceTree = "<group>"; };
		OBJ_79 /* App */ = {isa = PBXFileReference; lastKnownFileType = folder; path = App; sourceTree = SOURCE_ROOT; };
		OBJ_80 /* CHANGELOG.md */ = {isa = PBXFileReference; lastKnownFileType = net.daringfireball.markdown; path = CHANGELOG.md; sourceTree = "<group>"; };
		OBJ_81 /* README.md */ = {isa = PBXFileReference; lastKnownFileType = net.daringfireball.markdown; path = README.md; sourceTree = "<group>"; };
		OBJ_82 /* LICENSE.txt */ = {isa = PBXFileReference; lastKnownFileType = text; path = LICENSE.txt; sourceTree = "<group>"; };
		"Pulse::Pulse::Product" /* Pulse.framework */ = {isa = PBXFileReference; lastKnownFileType = wrapper.framework; path = Pulse.framework; sourceTree = BUILT_PRODUCTS_DIR; };
		"PulseUI::PulseUI::Product" /* PulseUI.framework */ = {isa = PBXFileReference; lastKnownFileType = wrapper.framework; path = PulseUI.framework; sourceTree = BUILT_PRODUCTS_DIR; };
		"swift-log::Logging::Product" /* Logging.framework */ = {isa = PBXFileReference; lastKnownFileType = wrapper.framework; path = Logging.framework; sourceTree = BUILT_PRODUCTS_DIR; };
/* End PBXFileReference section */

/* Begin PBXFrameworksBuildPhase section */
		OBJ_155 /* Frameworks */ = {
			isa = PBXFrameworksBuildPhase;
			buildActionMask = 0;
			files = (
				OBJ_156 /* Pulse.framework in Frameworks */,
				OBJ_157 /* Logging.framework in Frameworks */,
			);
			runOnlyForDeploymentPostprocessing = 0;
		};
		OBJ_91 /* Frameworks */ = {
			isa = PBXFrameworksBuildPhase;
			buildActionMask = 0;
			files = (
			);
			runOnlyForDeploymentPostprocessing = 0;
		};
		OBJ_99 /* Frameworks */ = {
			isa = PBXFrameworksBuildPhase;
			buildActionMask = 0;
			files = (
				OBJ_100 /* Logging.framework in Frameworks */,
			);
			runOnlyForDeploymentPostprocessing = 0;
		};
/* End PBXFrameworksBuildPhase section */

/* Begin PBXGroup section */
		OBJ_14 /* Features */ = {
			isa = PBXGroup;
			children = (
				OBJ_15 /* Console */,
				OBJ_23 /* MessageDetails */,
				OBJ_27 /* NetworkInspector */,
				OBJ_36 /* Settings */,
			);
			path = Features;
			sourceTree = "<group>";
		};
		OBJ_15 /* Console */ = {
			isa = PBXGroup;
			children = (
				OBJ_16 /* ConsoleMessageView.swift */,
				0C6F1A8F25CCDD690023A30D /* ConsoleNetworkMessageView.swift */,
				OBJ_17 /* ConsoleMessageViewListItem.swift */,
				OBJ_19 /* ConsoleQuickFiltersView.swift */,
				OBJ_20 /* ConsoleSearchView.swift */,
				OBJ_21 /* ConsoleView.swift */,
				OBJ_22 /* ConsoleViewModel.swift */,
			);
			path = Console;
			sourceTree = "<group>";
		};
		OBJ_23 /* MessageDetails */ = {
			isa = PBXGroup;
			children = (
				OBJ_24 /* ConsoleMessageDetailsRouter.swift */,
				OBJ_25 /* ConsoleMessageDetailsView.swift */,
				OBJ_26 /* ConsoleMessageDetailsViewModel.swift */,
			);
			path = MessageDetails;
			sourceTree = "<group>";
		};
		OBJ_27 /* NetworkInspector */ = {
			isa = PBXGroup;
			children = (
				OBJ_28 /* NetworkInspectorHeadersView.swift */,
				OBJ_29 /* NetworkInspectorMetricsDetailsView.swift */,
				OBJ_30 /* NetworkInspectorMetricsView.swift */,
				OBJ_31 /* NetworkInspectorRequestView.swift */,
				OBJ_32 /* NetworkInspectorResponseView.swift */,
				OBJ_33 /* NetworkInspectorSummaryView.swift */,
				OBJ_34 /* NetworkInspectorTransferInfoView.swift */,
				OBJ_35 /* NetworkInspectorView.swift */,
			);
			path = NetworkInspector;
			sourceTree = "<group>";
		};
		OBJ_36 /* Settings */ = {
			isa = PBXGroup;
			children = (
				OBJ_37 /* ConsoleSettingsView.swift */,
			);
			path = Settings;
			sourceTree = "<group>";
		};
		OBJ_38 /* Mocks */ = {
			isa = PBXGroup;
			children = (
				OBJ_39 /* MockDataTask.swift */,
				OBJ_40 /* MockStore.swift */,
			);
			path = Mocks;
			sourceTree = "<group>";
		};
		OBJ_41 /* Services */ = {
			isa = PBXGroup;
			children = (
				OBJ_42 /* BlobStore.swift */,
				OBJ_43 /* ConsoleMessages.swift */,
				OBJ_44 /* ConsoleSearchService.swift */,
				OBJ_45 /* ConsoleShareService.swift */,
				OBJ_46 /* JSONPrinter.swift */,
				OBJ_47 /* NetworkLogger.swift */,
				0C25FBF925CE006D00A895C2 /* NetworkLoggerEvent.swift */,
				OBJ_48 /* NetworkLoggerSummary.swift */,
				0C25FBE525CE001F00A895C2 /* URLSessionProxyDelegate.swift */,
			);
			path = Services;
			sourceTree = "<group>";
		};
		OBJ_49 /* SwiftUI+Extensions */ = {
			isa = PBXGroup;
			children = (
				OBJ_50 /* Border.swift */,
				OBJ_51 /* SearchBar.swift */,
				OBJ_52 /* ShareView.swift */,
				OBJ_53 /* TextView.swift */,
				OBJ_54 /* Wrapped.swift */,
			);
			path = "SwiftUI+Extensions";
			sourceTree = "<group>";
		};
		OBJ_5 = {
			isa = PBXGroup;
			children = (
				OBJ_6 /* Package.swift */,
				OBJ_7 /* Sources */,
				OBJ_62 /* Tests */,
				OBJ_63 /* Dependencies */,
				OBJ_75 /* Products */,
				OBJ_79 /* App */,
				OBJ_80 /* CHANGELOG.md */,
				OBJ_81 /* README.md */,
				OBJ_82 /* LICENSE.txt */,
			);
			sourceTree = "<group>";
		};
		OBJ_55 /* UXKit */ = {
			isa = PBXGroup;
			children = (
				OBJ_56 /* UXKit.swift */,
				OBJ_49 /* SwiftUI+Extensions */,
				OBJ_57 /* HelperViews */,
			);
			path = UXKit;
			sourceTree = "<group>";
		};
		OBJ_57 /* HelperViews */ = {
			isa = PBXGroup;
			children = (
				OBJ_58 /* JSONViewer.swift */,
				OBJ_59 /* KeyValueGridView.swift */,
				OBJ_60 /* KeyValueSectionView.swift */,
				OBJ_61 /* TimingView.swift */,
			);
			path = HelperViews;
			sourceTree = "<group>";
		};
		OBJ_62 /* Tests */ = {
			isa = PBXGroup;
			children = (
			);
			name = Tests;
			sourceTree = SOURCE_ROOT;
		};
		OBJ_63 /* Dependencies */ = {
			isa = PBXGroup;
			children = (
				OBJ_64 /* Pulse 0.5.0 */,
				OBJ_69 /* swift-log 1.2.0 */,
			);
			name = Dependencies;
			sourceTree = "<group>";
		};
		OBJ_64 /* Pulse 0.5.0 */ = {
			isa = PBXGroup;
			children = (
				OBJ_65 /* Pulse */,
				OBJ_68 /* Package.swift */,
			);
			name = "Pulse 0.5.0";
			sourceTree = SOURCE_ROOT;
		};
		OBJ_65 /* Pulse */ = {
			isa = PBXGroup;
			children = (
				OBJ_66 /* LoggerMessageStore.swift */,
				OBJ_67 /* PersistentLogHandler.swift */,
			);
			name = Pulse;
			path = .build/checkouts/Pulse/Sources/Pulse;
			sourceTree = SOURCE_ROOT;
		};
		OBJ_69 /* swift-log 1.2.0 */ = {
			isa = PBXGroup;
			children = (
				OBJ_70 /* Logging */,
				OBJ_74 /* Package.swift */,
			);
			name = "swift-log 1.2.0";
			sourceTree = SOURCE_ROOT;
		};
		OBJ_7 /* Sources */ = {
			isa = PBXGroup;
			children = (
				OBJ_8 /* PulseUI */,
			);
			path = Sources;
			sourceTree = SOURCE_ROOT;
		};
		OBJ_70 /* Logging */ = {
			isa = PBXGroup;
			children = (
				OBJ_71 /* Locks.swift */,
				OBJ_72 /* LogHandler.swift */,
				OBJ_73 /* Logging.swift */,
			);
			name = Logging;
			path = ".build/checkouts/swift-log/Sources/Logging";
			sourceTree = SOURCE_ROOT;
		};
		OBJ_75 /* Products */ = {
			isa = PBXGroup;
			children = (
				"swift-log::Logging::Product" /* Logging.framework */,
				"PulseUI::PulseUI::Product" /* PulseUI.framework */,
				"Pulse::Pulse::Product" /* Pulse.framework */,
			);
			name = Products;
			sourceTree = BUILT_PRODUCTS_DIR;
		};
		OBJ_8 /* PulseUI */ = {
			isa = PBXGroup;
			children = (
				OBJ_14 /* Features */,
				OBJ_41 /* Services */,
				OBJ_55 /* UXKit */,
				OBJ_9 /* Extensions */,
				OBJ_38 /* Mocks */,
			);
			path = PulseUI;
			sourceTree = "<group>";
		};
		OBJ_9 /* Extensions */ = {
			isa = PBXGroup;
			children = (
				OBJ_10 /* Formatters.swift */,
				OBJ_11 /* Foundation+Extensions.swift */,
				OBJ_12 /* NSAttributedString+Extensions.swift */,
				OBJ_13 /* Pulse+PulseUI.swift */,
			);
			path = Extensions;
			sourceTree = "<group>";
		};
/* End PBXGroup section */

/* Begin PBXNativeTarget section */
		"Pulse::Pulse" /* Pulse */ = {
			isa = PBXNativeTarget;
			buildConfigurationList = OBJ_93 /* Build configuration list for PBXNativeTarget "Pulse" */;
			buildPhases = (
				OBJ_96 /* Sources */,
				OBJ_99 /* Frameworks */,
			);
			buildRules = (
			);
			dependencies = (
				OBJ_101 /* PBXTargetDependency */,
			);
			name = Pulse;
			productName = Pulse;
			productReference = "Pulse::Pulse::Product" /* Pulse.framework */;
			productType = "com.apple.product-type.framework";
		};
		"Pulse::SwiftPMPackageDescription" /* PulsePackageDescription */ = {
			isa = PBXNativeTarget;
			buildConfigurationList = OBJ_103 /* Build configuration list for PBXNativeTarget "PulsePackageDescription" */;
			buildPhases = (
				OBJ_106 /* Sources */,
			);
			buildRules = (
			);
			dependencies = (
			);
			name = PulsePackageDescription;
			productName = PulsePackageDescription;
			productType = "com.apple.product-type.framework";
		};
		"PulseUI::PulseUI" /* PulseUI */ = {
			isa = PBXNativeTarget;
			buildConfigurationList = OBJ_109 /* Build configuration list for PBXNativeTarget "PulseUI" */;
			buildPhases = (
				OBJ_112 /* Sources */,
				OBJ_155 /* Frameworks */,
			);
			buildRules = (
			);
			dependencies = (
				OBJ_158 /* PBXTargetDependency */,
				OBJ_159 /* PBXTargetDependency */,
			);
			name = PulseUI;
			productName = PulseUI;
			productReference = "PulseUI::PulseUI::Product" /* PulseUI.framework */;
			productType = "com.apple.product-type.framework";
		};
		"PulseUI::SwiftPMPackageDescription" /* PulseUIPackageDescription */ = {
			isa = PBXNativeTarget;
			buildConfigurationList = OBJ_161 /* Build configuration list for PBXNativeTarget "PulseUIPackageDescription" */;
			buildPhases = (
				OBJ_164 /* Sources */,
			);
			buildRules = (
			);
			dependencies = (
			);
			name = PulseUIPackageDescription;
			productName = PulseUIPackageDescription;
			productType = "com.apple.product-type.framework";
		};
		"swift-log::Logging" /* Logging */ = {
			isa = PBXNativeTarget;
			buildConfigurationList = OBJ_84 /* Build configuration list for PBXNativeTarget "Logging" */;
			buildPhases = (
				OBJ_87 /* Sources */,
				OBJ_91 /* Frameworks */,
			);
			buildRules = (
			);
			dependencies = (
			);
			name = Logging;
			productName = Logging;
			productReference = "swift-log::Logging::Product" /* Logging.framework */;
			productType = "com.apple.product-type.framework";
		};
		"swift-log::SwiftPMPackageDescription" /* swift-logPackageDescription */ = {
			isa = PBXNativeTarget;
			buildConfigurationList = OBJ_167 /* Build configuration list for PBXNativeTarget "swift-logPackageDescription" */;
			buildPhases = (
				OBJ_170 /* Sources */,
			);
			buildRules = (
			);
			dependencies = (
			);
			name = "swift-logPackageDescription";
			productName = "swift-logPackageDescription";
			productType = "com.apple.product-type.framework";
		};
/* End PBXNativeTarget section */

/* Begin PBXProject section */
		OBJ_1 /* Project object */ = {
			isa = PBXProject;
			attributes = {
				LastSwiftMigration = 9999;
				LastUpgradeCheck = 9999;
			};
			buildConfigurationList = OBJ_2 /* Build configuration list for PBXProject "PulseUI" */;
			compatibilityVersion = "Xcode 3.2";
			developmentRegion = en;
			hasScannedForEncodings = 0;
			knownRegions = (
				en,
			);
			mainGroup = OBJ_5;
			productRefGroup = OBJ_75 /* Products */;
			projectDirPath = "";
			projectRoot = "";
			targets = (
				"swift-log::Logging" /* Logging */,
				"Pulse::Pulse" /* Pulse */,
				"Pulse::SwiftPMPackageDescription" /* PulsePackageDescription */,
				"PulseUI::PulseUI" /* PulseUI */,
				"PulseUI::SwiftPMPackageDescription" /* PulseUIPackageDescription */,
				"swift-log::SwiftPMPackageDescription" /* swift-logPackageDescription */,
			);
		};
/* End PBXProject section */

/* Begin PBXSourcesBuildPhase section */
		OBJ_106 /* Sources */ = {
			isa = PBXSourcesBuildPhase;
			buildActionMask = 0;
			files = (
				OBJ_107 /* Package.swift in Sources */,
			);
			runOnlyForDeploymentPostprocessing = 0;
		};
		OBJ_112 /* Sources */ = {
			isa = PBXSourcesBuildPhase;
			buildActionMask = 0;
			files = (
				OBJ_113 /* Formatters.swift in Sources */,
				OBJ_114 /* Foundation+Extensions.swift in Sources */,
				OBJ_115 /* NSAttributedString+Extensions.swift in Sources */,
				OBJ_116 /* Pulse+PulseUI.swift in Sources */,
				OBJ_117 /* ConsoleMessageView.swift in Sources */,
				OBJ_118 /* ConsoleMessageViewListItem.swift in Sources */,
				OBJ_120 /* ConsoleQuickFiltersView.swift in Sources */,
				OBJ_121 /* ConsoleSearchView.swift in Sources */,
				OBJ_122 /* ConsoleView.swift in Sources */,
				OBJ_123 /* ConsoleViewModel.swift in Sources */,
				OBJ_124 /* ConsoleMessageDetailsRouter.swift in Sources */,
				OBJ_125 /* ConsoleMessageDetailsView.swift in Sources */,
				OBJ_126 /* ConsoleMessageDetailsViewModel.swift in Sources */,
				OBJ_127 /* NetworkInspectorHeadersView.swift in Sources */,
				OBJ_128 /* NetworkInspectorMetricsDetailsView.swift in Sources */,
				OBJ_129 /* NetworkInspectorMetricsView.swift in Sources */,
				OBJ_130 /* NetworkInspectorRequestView.swift in Sources */,
				OBJ_131 /* NetworkInspectorResponseView.swift in Sources */,
				OBJ_132 /* NetworkInspectorSummaryView.swift in Sources */,
				OBJ_133 /* NetworkInspectorTransferInfoView.swift in Sources */,
				OBJ_134 /* NetworkInspectorView.swift in Sources */,
				OBJ_135 /* ConsoleSettingsView.swift in Sources */,
				OBJ_136 /* MockDataTask.swift in Sources */,
				OBJ_137 /* MockStore.swift in Sources */,
				OBJ_138 /* BlobStore.swift in Sources */,
				OBJ_139 /* ConsoleMessages.swift in Sources */,
				OBJ_140 /* ConsoleSearchService.swift in Sources */,
				OBJ_141 /* ConsoleShareService.swift in Sources */,
				OBJ_142 /* JSONPrinter.swift in Sources */,
				0C6F1A9025CCDD690023A30D /* ConsoleNetworkMessageView.swift in Sources */,
				OBJ_143 /* NetworkLogger.swift in Sources */,
				0C25FBFA25CE006D00A895C2 /* NetworkLoggerEvent.swift in Sources */,
				OBJ_144 /* NetworkLoggerSummary.swift in Sources */,
				OBJ_145 /* Border.swift in Sources */,
				OBJ_146 /* SearchBar.swift in Sources */,
				OBJ_147 /* ShareView.swift in Sources */,
				OBJ_148 /* TextView.swift in Sources */,
				0C25FBE625CE001F00A895C2 /* URLSessionProxyDelegate.swift in Sources */,
				OBJ_149 /* Wrapped.swift in Sources */,
				OBJ_150 /* UXKit.swift in Sources */,
				OBJ_151 /* JSONViewer.swift in Sources */,
				OBJ_152 /* KeyValueGridView.swift in Sources */,
				OBJ_153 /* KeyValueSectionView.swift in Sources */,
				OBJ_154 /* TimingView.swift in Sources */,
			);
			runOnlyForDeploymentPostprocessing = 0;
		};
		OBJ_164 /* Sources */ = {
			isa = PBXSourcesBuildPhase;
			buildActionMask = 0;
			files = (
				OBJ_165 /* Package.swift in Sources */,
			);
			runOnlyForDeploymentPostprocessing = 0;
		};
		OBJ_170 /* Sources */ = {
			isa = PBXSourcesBuildPhase;
			buildActionMask = 0;
			files = (
				OBJ_171 /* Package.swift in Sources */,
			);
			runOnlyForDeploymentPostprocessing = 0;
		};
		OBJ_87 /* Sources */ = {
			isa = PBXSourcesBuildPhase;
			buildActionMask = 0;
			files = (
				OBJ_88 /* Locks.swift in Sources */,
				OBJ_89 /* LogHandler.swift in Sources */,
				OBJ_90 /* Logging.swift in Sources */,
			);
			runOnlyForDeploymentPostprocessing = 0;
		};
		OBJ_96 /* Sources */ = {
			isa = PBXSourcesBuildPhase;
			buildActionMask = 0;
			files = (
				OBJ_97 /* LoggerMessageStore.swift in Sources */,
				OBJ_98 /* PersistentLogHandler.swift in Sources */,
			);
			runOnlyForDeploymentPostprocessing = 0;
		};
/* End PBXSourcesBuildPhase section */

/* Begin PBXTargetDependency section */
		OBJ_101 /* PBXTargetDependency */ = {
			isa = PBXTargetDependency;
			target = "swift-log::Logging" /* Logging */;
			targetProxy = 0CD802A725CCBBE6001C827C /* PBXContainerItemProxy */;
		};
		OBJ_158 /* PBXTargetDependency */ = {
			isa = PBXTargetDependency;
			target = "Pulse::Pulse" /* Pulse */;
			targetProxy = 0CD802A625CCBBE6001C827C /* PBXContainerItemProxy */;
		};
		OBJ_159 /* PBXTargetDependency */ = {
			isa = PBXTargetDependency;
			target = "swift-log::Logging" /* Logging */;
			targetProxy = 0CD802A825CCBBE6001C827C /* PBXContainerItemProxy */;
		};
/* End PBXTargetDependency section */

/* Begin XCBuildConfiguration section */
		OBJ_104 /* Debug */ = {
			isa = XCBuildConfiguration;
			buildSettings = {
				LD = /usr/bin/true;
				OTHER_SWIFT_FLAGS = "-swift-version 5 -I $(TOOLCHAIN_DIR)/usr/lib/swift/pm/4_2 -sdk /Applications/Xcode.app/Contents/Developer/Platforms/MacOSX.platform/Developer/SDKs/MacOSX11.1.sdk -package-description-version 5.1.0";
				SWIFT_VERSION = 5.0;
			};
			name = Debug;
		};
		OBJ_105 /* Release */ = {
			isa = XCBuildConfiguration;
			buildSettings = {
				LD = /usr/bin/true;
				OTHER_SWIFT_FLAGS = "-swift-version 5 -I $(TOOLCHAIN_DIR)/usr/lib/swift/pm/4_2 -sdk /Applications/Xcode.app/Contents/Developer/Platforms/MacOSX.platform/Developer/SDKs/MacOSX11.1.sdk -package-description-version 5.1.0";
				SWIFT_VERSION = 5.0;
			};
			name = Release;
		};
		OBJ_110 /* Debug */ = {
			isa = XCBuildConfiguration;
			buildSettings = {
				ENABLE_TESTABILITY = YES;
				FRAMEWORK_SEARCH_PATHS = (
					"$(inherited)",
					"$(PLATFORM_DIR)/Developer/Library/Frameworks",
				);
				HEADER_SEARCH_PATHS = "$(inherited)";
				INFOPLIST_FILE = PulseUI.xcodeproj/PulseUI_Info.plist;
				IPHONEOS_DEPLOYMENT_TARGET = 13.0;
				LD_RUNPATH_SEARCH_PATHS = "$(inherited) $(TOOLCHAIN_DIR)/usr/lib/swift/macosx";
				MACOSX_DEPLOYMENT_TARGET = 10.15;
				OTHER_CFLAGS = "$(inherited)";
				OTHER_LDFLAGS = "$(inherited)";
				OTHER_SWIFT_FLAGS = "$(inherited)";
				PRODUCT_BUNDLE_IDENTIFIER = PulseUI;
				PRODUCT_MODULE_NAME = "$(TARGET_NAME:c99extidentifier)";
				PRODUCT_NAME = "$(TARGET_NAME:c99extidentifier)";
				SKIP_INSTALL = YES;
				SWIFT_ACTIVE_COMPILATION_CONDITIONS = "$(inherited)";
				SWIFT_VERSION = 5.0;
				TARGET_NAME = PulseUI;
				TVOS_DEPLOYMENT_TARGET = 13.0;
				WATCHOS_DEPLOYMENT_TARGET = 6.0;
			};
			name = Debug;
		};
		OBJ_111 /* Release */ = {
			isa = XCBuildConfiguration;
			buildSettings = {
				ENABLE_TESTABILITY = YES;
				FRAMEWORK_SEARCH_PATHS = (
					"$(inherited)",
					"$(PLATFORM_DIR)/Developer/Library/Frameworks",
				);
				HEADER_SEARCH_PATHS = "$(inherited)";
				INFOPLIST_FILE = PulseUI.xcodeproj/PulseUI_Info.plist;
				IPHONEOS_DEPLOYMENT_TARGET = 13.0;
				LD_RUNPATH_SEARCH_PATHS = "$(inherited) $(TOOLCHAIN_DIR)/usr/lib/swift/macosx";
				MACOSX_DEPLOYMENT_TARGET = 10.15;
				OTHER_CFLAGS = "$(inherited)";
				OTHER_LDFLAGS = "$(inherited)";
				OTHER_SWIFT_FLAGS = "$(inherited)";
				PRODUCT_BUNDLE_IDENTIFIER = PulseUI;
				PRODUCT_MODULE_NAME = "$(TARGET_NAME:c99extidentifier)";
				PRODUCT_NAME = "$(TARGET_NAME:c99extidentifier)";
				SKIP_INSTALL = YES;
				SWIFT_ACTIVE_COMPILATION_CONDITIONS = "$(inherited)";
				SWIFT_VERSION = 5.0;
				TARGET_NAME = PulseUI;
				TVOS_DEPLOYMENT_TARGET = 13.0;
				WATCHOS_DEPLOYMENT_TARGET = 6.0;
			};
			name = Release;
		};
		OBJ_162 /* Debug */ = {
			isa = XCBuildConfiguration;
			buildSettings = {
				LD = /usr/bin/true;
				OTHER_SWIFT_FLAGS = "-swift-version 5 -I $(TOOLCHAIN_DIR)/usr/lib/swift/pm/4_2 -sdk /Applications/Xcode.app/Contents/Developer/Platforms/MacOSX.platform/Developer/SDKs/MacOSX11.1.sdk -package-description-version 5.2.0";
				SWIFT_VERSION = 5.0;
			};
			name = Debug;
		};
		OBJ_163 /* Release */ = {
			isa = XCBuildConfiguration;
			buildSettings = {
				LD = /usr/bin/true;
				OTHER_SWIFT_FLAGS = "-swift-version 5 -I $(TOOLCHAIN_DIR)/usr/lib/swift/pm/4_2 -sdk /Applications/Xcode.app/Contents/Developer/Platforms/MacOSX.platform/Developer/SDKs/MacOSX11.1.sdk -package-description-version 5.2.0";
				SWIFT_VERSION = 5.0;
			};
			name = Release;
		};
		OBJ_168 /* Debug */ = {
			isa = XCBuildConfiguration;
			buildSettings = {
				LD = /usr/bin/true;
				OTHER_SWIFT_FLAGS = "-swift-version 5 -I $(TOOLCHAIN_DIR)/usr/lib/swift/pm/4_2 -sdk /Applications/Xcode.app/Contents/Developer/Platforms/MacOSX.platform/Developer/SDKs/MacOSX11.1.sdk -package-description-version 5.0.0";
				SWIFT_VERSION = 5.0;
			};
			name = Debug;
		};
		OBJ_169 /* Release */ = {
			isa = XCBuildConfiguration;
			buildSettings = {
				LD = /usr/bin/true;
				OTHER_SWIFT_FLAGS = "-swift-version 5 -I $(TOOLCHAIN_DIR)/usr/lib/swift/pm/4_2 -sdk /Applications/Xcode.app/Contents/Developer/Platforms/MacOSX.platform/Developer/SDKs/MacOSX11.1.sdk -package-description-version 5.0.0";
				SWIFT_VERSION = 5.0;
			};
			name = Release;
		};
		OBJ_3 /* Debug */ = {
			isa = XCBuildConfiguration;
			buildSettings = {
				CLANG_ENABLE_OBJC_ARC = YES;
				COMBINE_HIDPI_IMAGES = YES;
				COPY_PHASE_STRIP = NO;
				DEBUG_INFORMATION_FORMAT = dwarf;
				DYLIB_INSTALL_NAME_BASE = "@rpath";
				ENABLE_NS_ASSERTIONS = YES;
				GCC_OPTIMIZATION_LEVEL = 0;
				GCC_PREPROCESSOR_DEFINITIONS = (
					"$(inherited)",
					"SWIFT_PACKAGE=1",
					"DEBUG=1",
				);
				MACOSX_DEPLOYMENT_TARGET = 10.10;
				ONLY_ACTIVE_ARCH = YES;
				OTHER_SWIFT_FLAGS = "$(inherited) -DXcode";
				PRODUCT_NAME = "$(TARGET_NAME)";
				SDKROOT = macosx;
				SUPPORTED_PLATFORMS = "macosx iphoneos iphonesimulator appletvos appletvsimulator watchos watchsimulator";
				SWIFT_ACTIVE_COMPILATION_CONDITIONS = "$(inherited) SWIFT_PACKAGE DEBUG";
				SWIFT_OPTIMIZATION_LEVEL = "-Onone";
				USE_HEADERMAP = NO;
			};
			name = Debug;
		};
		OBJ_4 /* Release */ = {
			isa = XCBuildConfiguration;
			buildSettings = {
				CLANG_ENABLE_OBJC_ARC = YES;
				COMBINE_HIDPI_IMAGES = YES;
				COPY_PHASE_STRIP = YES;
				DEBUG_INFORMATION_FORMAT = "dwarf-with-dsym";
				DYLIB_INSTALL_NAME_BASE = "@rpath";
				GCC_OPTIMIZATION_LEVEL = s;
				GCC_PREPROCESSOR_DEFINITIONS = (
					"$(inherited)",
					"SWIFT_PACKAGE=1",
				);
				MACOSX_DEPLOYMENT_TARGET = 10.10;
				OTHER_SWIFT_FLAGS = "$(inherited) -DXcode";
				PRODUCT_NAME = "$(TARGET_NAME)";
				SDKROOT = macosx;
				SUPPORTED_PLATFORMS = "macosx iphoneos iphonesimulator appletvos appletvsimulator watchos watchsimulator";
				SWIFT_ACTIVE_COMPILATION_CONDITIONS = "$(inherited) SWIFT_PACKAGE";
				SWIFT_OPTIMIZATION_LEVEL = "-Owholemodule";
				USE_HEADERMAP = NO;
			};
			name = Release;
		};
		OBJ_85 /* Debug */ = {
			isa = XCBuildConfiguration;
			buildSettings = {
				ENABLE_TESTABILITY = YES;
				FRAMEWORK_SEARCH_PATHS = (
					"$(inherited)",
					"$(PLATFORM_DIR)/Developer/Library/Frameworks",
				);
				HEADER_SEARCH_PATHS = "$(inherited)";
				INFOPLIST_FILE = PulseUI.xcodeproj/Logging_Info.plist;
				IPHONEOS_DEPLOYMENT_TARGET = 9.0;
				LD_RUNPATH_SEARCH_PATHS = "$(inherited) $(TOOLCHAIN_DIR)/usr/lib/swift/macosx";
				MACOSX_DEPLOYMENT_TARGET = 10.10;
				OTHER_CFLAGS = "$(inherited)";
				OTHER_LDFLAGS = "$(inherited)";
				OTHER_SWIFT_FLAGS = "$(inherited)";
				PRODUCT_BUNDLE_IDENTIFIER = Logging;
				PRODUCT_MODULE_NAME = "$(TARGET_NAME:c99extidentifier)";
				PRODUCT_NAME = "$(TARGET_NAME:c99extidentifier)";
				SKIP_INSTALL = YES;
				SWIFT_ACTIVE_COMPILATION_CONDITIONS = "$(inherited)";
				SWIFT_VERSION = 5.0;
				TARGET_NAME = Logging;
				TVOS_DEPLOYMENT_TARGET = 9.0;
				WATCHOS_DEPLOYMENT_TARGET = 2.0;
			};
			name = Debug;
		};
		OBJ_86 /* Release */ = {
			isa = XCBuildConfiguration;
			buildSettings = {
				ENABLE_TESTABILITY = YES;
				FRAMEWORK_SEARCH_PATHS = (
					"$(inherited)",
					"$(PLATFORM_DIR)/Developer/Library/Frameworks",
				);
				HEADER_SEARCH_PATHS = "$(inherited)";
				INFOPLIST_FILE = PulseUI.xcodeproj/Logging_Info.plist;
				IPHONEOS_DEPLOYMENT_TARGET = 9.0;
				LD_RUNPATH_SEARCH_PATHS = "$(inherited) $(TOOLCHAIN_DIR)/usr/lib/swift/macosx";
				MACOSX_DEPLOYMENT_TARGET = 10.10;
				OTHER_CFLAGS = "$(inherited)";
				OTHER_LDFLAGS = "$(inherited)";
				OTHER_SWIFT_FLAGS = "$(inherited)";
				PRODUCT_BUNDLE_IDENTIFIER = Logging;
				PRODUCT_MODULE_NAME = "$(TARGET_NAME:c99extidentifier)";
				PRODUCT_NAME = "$(TARGET_NAME:c99extidentifier)";
				SKIP_INSTALL = YES;
				SWIFT_ACTIVE_COMPILATION_CONDITIONS = "$(inherited)";
				SWIFT_VERSION = 5.0;
				TARGET_NAME = Logging;
				TVOS_DEPLOYMENT_TARGET = 9.0;
				WATCHOS_DEPLOYMENT_TARGET = 2.0;
			};
			name = Release;
		};
		OBJ_94 /* Debug */ = {
			isa = XCBuildConfiguration;
			buildSettings = {
				ENABLE_TESTABILITY = YES;
				FRAMEWORK_SEARCH_PATHS = (
					"$(inherited)",
					"$(PLATFORM_DIR)/Developer/Library/Frameworks",
				);
				HEADER_SEARCH_PATHS = "$(inherited)";
				INFOPLIST_FILE = PulseUI.xcodeproj/Pulse_Info.plist;
				IPHONEOS_DEPLOYMENT_TARGET = 11.0;
				LD_RUNPATH_SEARCH_PATHS = "$(inherited) $(TOOLCHAIN_DIR)/usr/lib/swift/macosx";
				MACOSX_DEPLOYMENT_TARGET = 10.13;
				OTHER_CFLAGS = "$(inherited)";
				OTHER_LDFLAGS = "$(inherited)";
				OTHER_SWIFT_FLAGS = "$(inherited)";
				PRODUCT_BUNDLE_IDENTIFIER = Pulse;
				PRODUCT_MODULE_NAME = "$(TARGET_NAME:c99extidentifier)";
				PRODUCT_NAME = "$(TARGET_NAME:c99extidentifier)";
				SKIP_INSTALL = YES;
				SWIFT_ACTIVE_COMPILATION_CONDITIONS = "$(inherited)";
				SWIFT_VERSION = 5.0;
				TARGET_NAME = Pulse;
				TVOS_DEPLOYMENT_TARGET = 11.0;
				WATCHOS_DEPLOYMENT_TARGET = 4.0;
			};
			name = Debug;
		};
		OBJ_95 /* Release */ = {
			isa = XCBuildConfiguration;
			buildSettings = {
				ENABLE_TESTABILITY = YES;
				FRAMEWORK_SEARCH_PATHS = (
					"$(inherited)",
					"$(PLATFORM_DIR)/Developer/Library/Frameworks",
				);
				HEADER_SEARCH_PATHS = "$(inherited)";
				INFOPLIST_FILE = PulseUI.xcodeproj/Pulse_Info.plist;
				IPHONEOS_DEPLOYMENT_TARGET = 11.0;
				LD_RUNPATH_SEARCH_PATHS = "$(inherited) $(TOOLCHAIN_DIR)/usr/lib/swift/macosx";
				MACOSX_DEPLOYMENT_TARGET = 10.13;
				OTHER_CFLAGS = "$(inherited)";
				OTHER_LDFLAGS = "$(inherited)";
				OTHER_SWIFT_FLAGS = "$(inherited)";
				PRODUCT_BUNDLE_IDENTIFIER = Pulse;
				PRODUCT_MODULE_NAME = "$(TARGET_NAME:c99extidentifier)";
				PRODUCT_NAME = "$(TARGET_NAME:c99extidentifier)";
				SKIP_INSTALL = YES;
				SWIFT_ACTIVE_COMPILATION_CONDITIONS = "$(inherited)";
				SWIFT_VERSION = 5.0;
				TARGET_NAME = Pulse;
				TVOS_DEPLOYMENT_TARGET = 11.0;
				WATCHOS_DEPLOYMENT_TARGET = 4.0;
			};
			name = Release;
		};
/* End XCBuildConfiguration section */

/* Begin XCConfigurationList section */
		OBJ_103 /* Build configuration list for PBXNativeTarget "PulsePackageDescription" */ = {
			isa = XCConfigurationList;
			buildConfigurations = (
				OBJ_104 /* Debug */,
				OBJ_105 /* Release */,
			);
			defaultConfigurationIsVisible = 0;
			defaultConfigurationName = Release;
		};
		OBJ_109 /* Build configuration list for PBXNativeTarget "PulseUI" */ = {
			isa = XCConfigurationList;
			buildConfigurations = (
				OBJ_110 /* Debug */,
				OBJ_111 /* Release */,
			);
			defaultConfigurationIsVisible = 0;
			defaultConfigurationName = Release;
		};
		OBJ_161 /* Build configuration list for PBXNativeTarget "PulseUIPackageDescription" */ = {
			isa = XCConfigurationList;
			buildConfigurations = (
				OBJ_162 /* Debug */,
				OBJ_163 /* Release */,
			);
			defaultConfigurationIsVisible = 0;
			defaultConfigurationName = Release;
		};
		OBJ_167 /* Build configuration list for PBXNativeTarget "swift-logPackageDescription" */ = {
			isa = XCConfigurationList;
			buildConfigurations = (
				OBJ_168 /* Debug */,
				OBJ_169 /* Release */,
			);
			defaultConfigurationIsVisible = 0;
			defaultConfigurationName = Release;
		};
		OBJ_2 /* Build configuration list for PBXProject "PulseUI" */ = {
			isa = XCConfigurationList;
			buildConfigurations = (
				OBJ_3 /* Debug */,
				OBJ_4 /* Release */,
			);
			defaultConfigurationIsVisible = 0;
			defaultConfigurationName = Release;
		};
		OBJ_84 /* Build configuration list for PBXNativeTarget "Logging" */ = {
			isa = XCConfigurationList;
			buildConfigurations = (
				OBJ_85 /* Debug */,
				OBJ_86 /* Release */,
			);
			defaultConfigurationIsVisible = 0;
			defaultConfigurationName = Release;
		};
		OBJ_93 /* Build configuration list for PBXNativeTarget "Pulse" */ = {
			isa = XCConfigurationList;
			buildConfigurations = (
				OBJ_94 /* Debug */,
				OBJ_95 /* Release */,
			);
			defaultConfigurationIsVisible = 0;
			defaultConfigurationName = Release;
		};
/* End XCConfigurationList section */
	};
	rootObject = OBJ_1 /* Project object */;
}
