// !$*UTF8*$!
{
	archiveVersion = 1;
	classes = {
	};
	objectVersion = 52;
	objects = {

/* Begin PBXBuildFile section */
		0C0B2CD32738161400DB711E /* ManagedObjectsList.swift in Sources */ = {isa = PBXBuildFile; fileRef = 0C0B2CD22738161400DB711E /* ManagedObjectsList.swift */; };
		0C172F972700C61700A179A7 /* ConsoleStoryView.swift in Sources */ = {isa = PBXBuildFile; fileRef = 0C172F962700C61700A179A7 /* ConsoleStoryView.swift */; };
		0C17B1FD2704014D00784EDC /* jq-osx-amd64 in Resources */ = {isa = PBXBuildFile; fileRef = 0C17B1FC2704014D00784EDC /* jq-osx-amd64 */; };
		0C17B2052704E37600784EDC /* NetworkListViewPro.swift in Sources */ = {isa = PBXBuildFile; fileRef = 0C17B2042704E37600784EDC /* NetworkListViewPro.swift */; };
		0C17B20C2704E9AE00784EDC /* ConsoleDetailsRouter.swift in Sources */ = {isa = PBXBuildFile; fileRef = 0C17B20B2704E9AE00784EDC /* ConsoleDetailsRouter.swift */; };
		0C17B20F2705021A00784EDC /* NetworkMainViewModel.swift in Sources */ = {isa = PBXBuildFile; fileRef = 0C17B20E2705021A00784EDC /* NetworkMainViewModel.swift */; };
		0C17B211270502C100784EDC /* NetworkMessagesTextSearch.swift in Sources */ = {isa = PBXBuildFile; fileRef = 0C17B210270502C100784EDC /* NetworkMessagesTextSearch.swift */; };
		0C23EFC827012CD700F81F0D /* LineNumbers.swift in Sources */ = {isa = PBXBuildFile; fileRef = 0C23EFC727012CD700F81F0D /* LineNumbers.swift */; };
		0C2464A625D9D6C40057A577 /* AppCommands.swift in Sources */ = {isa = PBXBuildFile; fileRef = 0C2464A525D9D6C40057A577 /* AppCommands.swift */; };
		0C25ACD627068FF4000E6DD5 /* PinsService.swift in Sources */ = {isa = PBXBuildFile; fileRef = 0C25ACD527068FF4000E6DD5 /* PinsService.swift */; };
		0C25ACD82706A597000E6DD5 /* PinScrollerButton.swift in Sources */ = {isa = PBXBuildFile; fileRef = 0C25ACD72706A597000E6DD5 /* PinScrollerButton.swift */; };
		0C25ACDA2707970E000E6DD5 /* TableScroller.swift in Sources */ = {isa = PBXBuildFile; fileRef = 0C25ACD92707970E000E6DD5 /* TableScroller.swift */; };
		0C2F854726FE316000962464 /* ConsoleMainViewModel.swift in Sources */ = {isa = PBXBuildFile; fileRef = 0C2F854626FE316000962464 /* ConsoleMainViewModel.swift */; };
		0C2F854D26FE574B00962464 /* TableViewCells.swift in Sources */ = {isa = PBXBuildFile; fileRef = 0C2F854C26FE574B00962464 /* TableViewCells.swift */; };
		0C2F854F26FE693200962464 /* ConsoleTableViewPro.swift in Sources */ = {isa = PBXBuildFile; fileRef = 0C2F854E26FE693200962464 /* ConsoleTableViewPro.swift */; };
		0C32EA3926FBCF5C000EB5E6 /* RemoteLoggerViewModel.swift in Sources */ = {isa = PBXBuildFile; fileRef = 0C32EA3826FBCF5C000EB5E6 /* RemoteLoggerViewModel.swift */; };
		0C32EBCF26FCB6C6000EB5E6 /* MainViewPro.swift in Sources */ = {isa = PBXBuildFile; fileRef = 0C32EBCE26FCB6C6000EB5E6 /* MainViewPro.swift */; };
		0C32EBD126FCB83A000EB5E6 /* MainViewModelPro.swift in Sources */ = {isa = PBXBuildFile; fileRef = 0C32EBD026FCB83A000EB5E6 /* MainViewModelPro.swift */; };
		0C35311B270E35FF007148FD /* JSONTextView.swift in Sources */ = {isa = PBXBuildFile; fileRef = 0C35311A270E35FF007148FD /* JSONTextView.swift */; };
		0C35311D270E5F6E007148FD /* JSONView.swift in Sources */ = {isa = PBXBuildFile; fileRef = 0C35311C270E5F6E007148FD /* JSONView.swift */; };
		0C35311F270E65E6007148FD /* JSONViewModel.swift in Sources */ = {isa = PBXBuildFile; fileRef = 0C35311E270E65E6007148FD /* JSONViewModel.swift */; };
		0C43687D270D2FC80088AC3E /* JSON.swift in Sources */ = {isa = PBXBuildFile; fileRef = 0C43687C270D2FC80088AC3E /* JSON.swift */; };
		0C43687F270D312A0088AC3E /* NewJSONPrinter.swift in Sources */ = {isa = PBXBuildFile; fileRef = 0C43687E270D312A0088AC3E /* NewJSONPrinter.swift */; };
		0C43E16C273888550094E465 /* ConsoleCommandsListenerView.swift in Sources */ = {isa = PBXBuildFile; fileRef = 0C43E16B273888550094E465 /* ConsoleCommandsListenerView.swift */; };
		0C515EB126FD10C100D415F6 /* RouterView.swift in Sources */ = {isa = PBXBuildFile; fileRef = 0C515EB026FD10C100D415F6 /* RouterView.swift */; };
		0C515EB426FD117E00D415F6 /* AppRouter.swift in Sources */ = {isa = PBXBuildFile; fileRef = 0C515EB326FD117E00D415F6 /* AppRouter.swift */; };
		0C515EB626FD215100D415F6 /* WindowAccessor.swift in Sources */ = {isa = PBXBuildFile; fileRef = 0C515EB526FD215100D415F6 /* WindowAccessor.swift */; };
		0C515EB926FD284100D415F6 /* SettingsView.swift in Sources */ = {isa = PBXBuildFile; fileRef = 0C515EB826FD284100D415F6 /* SettingsView.swift */; };
		0C515EBB26FD288500D415F6 /* Settings.swift in Sources */ = {isa = PBXBuildFile; fileRef = 0C515EBA26FD288500D415F6 /* Settings.swift */; };
		0C57AD9F245F0F7F005B3400 /* Assets.xcassets in Resources */ = {isa = PBXBuildFile; fileRef = 0C57AD66245F0F38005B3400 /* Assets.xcassets */; };
		0C57ADA4245F0F91005B3400 /* App.swift in Sources */ = {isa = PBXBuildFile; fileRef = 0C57AD6E245F0F38005B3400 /* App.swift */; };
		0C57ADC2245F1441005B3400 /* AppWelcomeView.swift in Sources */ = {isa = PBXBuildFile; fileRef = 0C57ADC1245F1441005B3400 /* AppWelcomeView.swift */; };
		0C614B6A2726087E00F6978D /* ConsoleContainerView.swift in Sources */ = {isa = PBXBuildFile; fileRef = 0C614B692726087E00F6978D /* ConsoleContainerView.swift */; };
		0C64DC1826F4D0A1002BC061 /* AppDelegate.swift in Sources */ = {isa = PBXBuildFile; fileRef = 0C64DC1726F4D0A1002BC061 /* AppDelegate.swift */; };
		0C6E34A82701FECE00EA9254 /* NetworkInspectorResponseViewPro.swift in Sources */ = {isa = PBXBuildFile; fileRef = 0C6E34A72701FECE00EA9254 /* NetworkInspectorResponseViewPro.swift */; };
		0C7E56CB28021C5800D7A8DF /* PulseCore in Frameworks */ = {isa = PBXBuildFile; productRef = 0C7E56CA28021C5800D7A8DF /* PulseCore */; };
		0C7E56CE28021C9800D7A8DF /* RemoteLoggerProtocol.swift in Sources */ = {isa = PBXBuildFile; fileRef = 0C7E56CD28021C9800D7A8DF /* RemoteLoggerProtocol.swift */; };
		0C82DFA826F2D41D00700C4C /* RemoteLoggerServer.swift in Sources */ = {isa = PBXBuildFile; fileRef = 0C82DFA726F2D41D00700C4C /* RemoteLoggerServer.swift */; };
		0C85D60E2701428200211C4C /* RichTextViewPro.swift in Sources */ = {isa = PBXBuildFile; fileRef = 0C85D60D2701428200211C4C /* RichTextViewPro.swift */; };
		0C97EA2D26F3940E00BFA8E3 /* LoaderView.swift in Sources */ = {isa = PBXBuildFile; fileRef = 0C97EA2C26F3940E00BFA8E3 /* LoaderView.swift */; };
		0C9F04DD2884AA7F0035239F /* Version.swift in Sources */ = {isa = PBXBuildFile; fileRef = 0C9F04DC2884AA7F0035239F /* Version.swift */; };
		0CA35CA6272D7C7000B127E8 /* FileRouterView.swift in Sources */ = {isa = PBXBuildFile; fileRef = 0CA35CA5272D7C7000B127E8 /* FileRouterView.swift */; };
		0CB2AD2B2706534B00DEBF29 /* Attributed.swift in Sources */ = {isa = PBXBuildFile; fileRef = 0CB2AD2A2706534B00DEBF29 /* Attributed.swift */; };
		0CB9A085271FA96E00CA99F3 /* TableViewExtensions.swift in Sources */ = {isa = PBXBuildFile; fileRef = 0CB9A084271FA96E00CA99F3 /* TableViewExtensions.swift */; };
		0CC42A5F2708B0120038C89B /* ConsoleNetworkRequestContextMenuViewPro.swift in Sources */ = {isa = PBXBuildFile; fileRef = 0CC42A5E2708B0120038C89B /* ConsoleNetworkRequestContextMenuViewPro.swift */; };
		0CC8DAB5288CAD260095D124 /* PulseUI in Resources */ = {isa = PBXBuildFile; fileRef = 0CC8DAB4288CAD260095D124 /* PulseUI */; };
		0CC8DB96288CAD440095D124 /* MockStore.swift in Sources */ = {isa = PBXBuildFile; fileRef = 0CC8DB29288CAD440095D124 /* MockStore.swift */; };
		0CC8DB97288CAD440095D124 /* MockDataTask.swift in Sources */ = {isa = PBXBuildFile; fileRef = 0CC8DB2A288CAD440095D124 /* MockDataTask.swift */; };
		0CC8DB98288CAD440095D124 /* PinsView-ios.swift in Sources */ = {isa = PBXBuildFile; fileRef = 0CC8DB2D288CAD440095D124 /* PinsView-ios.swift */; };
		0CC8DB99288CAD440095D124 /* PinsViewModel.swift in Sources */ = {isa = PBXBuildFile; fileRef = 0CC8DB2E288CAD440095D124 /* PinsViewModel.swift */; };
		0CC8DB9A288CAD440095D124 /* ConsoleSearchCriteria.swift in Sources */ = {isa = PBXBuildFile; fileRef = 0CC8DB30288CAD440095D124 /* ConsoleSearchCriteria.swift */; };
		0CC8DB9B288CAD440095D124 /* ConsoleFiltersView-macos.swift in Sources */ = {isa = PBXBuildFile; fileRef = 0CC8DB31288CAD440095D124 /* ConsoleFiltersView-macos.swift */; };
		0CC8DB9C288CAD440095D124 /* Filters-ios.swift in Sources */ = {isa = PBXBuildFile; fileRef = 0CC8DB32288CAD440095D124 /* Filters-ios.swift */; };
		0CC8DB9D288CAD440095D124 /* Filters-macos.swift in Sources */ = {isa = PBXBuildFile; fileRef = 0CC8DB33288CAD440095D124 /* Filters-macos.swift */; };
		0CC8DB9E288CAD440095D124 /* ConsoleFiltersLabelsPickerView.swift in Sources */ = {isa = PBXBuildFile; fileRef = 0CC8DB34288CAD440095D124 /* ConsoleFiltersLabelsPickerView.swift */; };
		0CC8DB9F288CAD440095D124 /* ConsoleSearchCriteriaViewModel.swift in Sources */ = {isa = PBXBuildFile; fileRef = 0CC8DB35288CAD440095D124 /* ConsoleSearchCriteriaViewModel.swift */; };
		0CC8DBA0288CAD440095D124 /* ConsoleFiltersView-ios.swift in Sources */ = {isa = PBXBuildFile; fileRef = 0CC8DB36288CAD440095D124 /* ConsoleFiltersView-ios.swift */; };
		0CC8DBA1288CAD440095D124 /* NetworkSearchCriteriaViewModel.swift in Sources */ = {isa = PBXBuildFile; fileRef = 0CC8DB37288CAD440095D124 /* NetworkSearchCriteriaViewModel.swift */; };
		0CC8DBA2288CAD440095D124 /* NetworkSearchCriteria.swift in Sources */ = {isa = PBXBuildFile; fileRef = 0CC8DB38288CAD440095D124 /* NetworkSearchCriteria.swift */; };
		0CC8DBA3288CAD440095D124 /* NetworkFiltersView-macos.swift in Sources */ = {isa = PBXBuildFile; fileRef = 0CC8DB39288CAD440095D124 /* NetworkFiltersView-macos.swift */; };
		0CC8DBA4288CAD440095D124 /* NetworkFiltersView-ios.swift in Sources */ = {isa = PBXBuildFile; fileRef = 0CC8DB3A288CAD440095D124 /* NetworkFiltersView-ios.swift */; };
		0CC8DBA5288CAD440095D124 /* RemoteLoggerSettingsView.swift in Sources */ = {isa = PBXBuildFile; fileRef = 0CC8DB3C288CAD440095D124 /* RemoteLoggerSettingsView.swift */; };
		0CC8DBA6288CAD440095D124 /* SettingsView-ios.swift in Sources */ = {isa = PBXBuildFile; fileRef = 0CC8DB3D288CAD440095D124 /* SettingsView-ios.swift */; };
		0CC8DBA7288CAD440095D124 /* StoreDetailsView.swift in Sources */ = {isa = PBXBuildFile; fileRef = 0CC8DB3E288CAD440095D124 /* StoreDetailsView.swift */; };
		0CC8DBA8288CAD440095D124 /* SettingsView-tvos.swift in Sources */ = {isa = PBXBuildFile; fileRef = 0CC8DB3F288CAD440095D124 /* SettingsView-tvos.swift */; };
		0CC8DBA9288CAD440095D124 /* SettingsView-macOS.swift in Sources */ = {isa = PBXBuildFile; fileRef = 0CC8DB40288CAD440095D124 /* SettingsView-macOS.swift */; };
		0CC8DBAA288CAD440095D124 /* ConsoleMessageMetadataView.swift in Sources */ = {isa = PBXBuildFile; fileRef = 0CC8DB42288CAD440095D124 /* ConsoleMessageMetadataView.swift */; };
		0CC8DBAB288CAD440095D124 /* ConsoleMessageDetailsView.swift in Sources */ = {isa = PBXBuildFile; fileRef = 0CC8DB43288CAD440095D124 /* ConsoleMessageDetailsView.swift */; };
		0CC8DBAC288CAD440095D124 /* ConsoleMessageDetailsRouter.swift in Sources */ = {isa = PBXBuildFile; fileRef = 0CC8DB44288CAD440095D124 /* ConsoleMessageDetailsRouter.swift */; };
		0CC8DBAD288CAD440095D124 /* ConsoleMessageDetailsViewModel.swift in Sources */ = {isa = PBXBuildFile; fileRef = 0CC8DB45288CAD440095D124 /* ConsoleMessageDetailsViewModel.swift */; };
		0CC8DBAE288CAD440095D124 /* DocumentBrowser.swift in Sources */ = {isa = PBXBuildFile; fileRef = 0CC8DB47288CAD440095D124 /* DocumentBrowser.swift */; };
		0CC8DBAF288CAD440095D124 /* NetworkInspectorResponseView.swift in Sources */ = {isa = PBXBuildFile; fileRef = 0CC8DB49288CAD440095D124 /* NetworkInspectorResponseView.swift */; };
		0CC8DBB0288CAD440095D124 /* NetworkInspectorMetricsDetailsView.swift in Sources */ = {isa = PBXBuildFile; fileRef = 0CC8DB4A288CAD440095D124 /* NetworkInspectorMetricsDetailsView.swift */; };
		0CC8DBB1288CAD440095D124 /* NetworkInspectorTransferInfoView.swift in Sources */ = {isa = PBXBuildFile; fileRef = 0CC8DB4B288CAD440095D124 /* NetworkInspectorTransferInfoView.swift */; };
		0CC8DBB2288CAD440095D124 /* NetworkInspectorView.swift in Sources */ = {isa = PBXBuildFile; fileRef = 0CC8DB4C288CAD440095D124 /* NetworkInspectorView.swift */; };
		0CC8DBB3288CAD440095D124 /* NetworkInspectorTransactionView.swift in Sources */ = {isa = PBXBuildFile; fileRef = 0CC8DB4D288CAD440095D124 /* NetworkInspectorTransactionView.swift */; };
		0CC8DBB4288CAD440095D124 /* NetworkInspectorTransactionsListView.swift in Sources */ = {isa = PBXBuildFile; fileRef = 0CC8DB4E288CAD440095D124 /* NetworkInspectorTransactionsListView.swift */; };
		0CC8DBB5288CAD440095D124 /* NetworkInspectorMetricsView.swift in Sources */ = {isa = PBXBuildFile; fileRef = 0CC8DB4F288CAD440095D124 /* NetworkInspectorMetricsView.swift */; };
		0CC8DBB6288CAD440095D124 /* NetworkInspectorSummaryView.swift in Sources */ = {isa = PBXBuildFile; fileRef = 0CC8DB50288CAD440095D124 /* NetworkInspectorSummaryView.swift */; };
		0CC8DBB7288CAD440095D124 /* NetworkInspectorHeadersView.swift in Sources */ = {isa = PBXBuildFile; fileRef = 0CC8DB51288CAD440095D124 /* NetworkInspectorHeadersView.swift */; };
		0CC8DBB8288CAD440095D124 /* NetworkInspectorSummaryViewModel.swift in Sources */ = {isa = PBXBuildFile; fileRef = 0CC8DB52288CAD440095D124 /* NetworkInspectorSummaryViewModel.swift */; };
		0CC8DBB9288CAD440095D124 /* NetworkView.swift in Sources */ = {isa = PBXBuildFile; fileRef = 0CC8DB54288CAD440095D124 /* NetworkView.swift */; };
		0CC8DBBA288CAD440095D124 /* NetworkViewModel.swift in Sources */ = {isa = PBXBuildFile; fileRef = 0CC8DB55288CAD440095D124 /* NetworkViewModel.swift */; };
		0CC8DBBB288CAD440095D124 /* MainViewModel-macos.swift in Sources */ = {isa = PBXBuildFile; fileRef = 0CC8DB57288CAD440095D124 /* MainViewModel-macos.swift */; };
		0CC8DBBC288CAD440095D124 /* ConsoleConfiguration.swift in Sources */ = {isa = PBXBuildFile; fileRef = 0CC8DB58288CAD440095D124 /* ConsoleConfiguration.swift */; };
		0CC8DBBD288CAD440095D124 /* MainView-macos.swift in Sources */ = {isa = PBXBuildFile; fileRef = 0CC8DB59288CAD440095D124 /* MainView-macos.swift */; };
		0CC8DBBE288CAD440095D124 /* MainView-ios-tvos.swift in Sources */ = {isa = PBXBuildFile; fileRef = 0CC8DB5A288CAD440095D124 /* MainView-ios-tvos.swift */; };
		0CC8DBBF288CAD440095D124 /* MainViewModel-ios-tvos.swift in Sources */ = {isa = PBXBuildFile; fileRef = 0CC8DB5B288CAD440095D124 /* MainViewModel-ios-tvos.swift */; };
		0CC8DBC0288CAD440095D124 /* ConsoleMessagesForEach.swift in Sources */ = {isa = PBXBuildFile; fileRef = 0CC8DB5D288CAD440095D124 /* ConsoleMessagesForEach.swift */; };
		0CC8DBC1288CAD440095D124 /* ConsoleTableView-macos.swift in Sources */ = {isa = PBXBuildFile; fileRef = 0CC8DB5E288CAD440095D124 /* ConsoleTableView-macos.swift */; };
		0CC8DBC2288CAD440095D124 /* ConsoleView-ios.swift in Sources */ = {isa = PBXBuildFile; fileRef = 0CC8DB5F288CAD440095D124 /* ConsoleView-ios.swift */; };
		0CC8DBC3288CAD440095D124 /* ConsoleView-watchos.swift in Sources */ = {isa = PBXBuildFile; fileRef = 0CC8DB60288CAD440095D124 /* ConsoleView-watchos.swift */; };
		0CC8DBC4288CAD440095D124 /* ConsoleView-tvos.swift in Sources */ = {isa = PBXBuildFile; fileRef = 0CC8DB61288CAD440095D124 /* ConsoleView-tvos.swift */; };
		0CC8DBC5288CAD440095D124 /* ConsoleMessageViewModel.swift in Sources */ = {isa = PBXBuildFile; fileRef = 0CC8DB62288CAD440095D124 /* ConsoleMessageViewModel.swift */; };
		0CC8DBC6288CAD440095D124 /* ConsoleNetworkRequestViewModel.swift in Sources */ = {isa = PBXBuildFile; fileRef = 0CC8DB63288CAD440095D124 /* ConsoleNetworkRequestViewModel.swift */; };
		0CC8DBC7288CAD440095D124 /* ConsoleToolbar-macos.swift in Sources */ = {isa = PBXBuildFile; fileRef = 0CC8DB64288CAD440095D124 /* ConsoleToolbar-macos.swift */; };
		0CC8DBC8288CAD440095D124 /* ConsoleMessageTableCell.swift in Sources */ = {isa = PBXBuildFile; fileRef = 0CC8DB65288CAD440095D124 /* ConsoleMessageTableCell.swift */; };
		0CC8DBC9288CAD440095D124 /* ConsoleTableView-ios.swift in Sources */ = {isa = PBXBuildFile; fileRef = 0CC8DB66288CAD440095D124 /* ConsoleTableView-ios.swift */; };
		0CC8DBCA288CAD440095D124 /* ConsoleNetworkRequestTableCell.swift in Sources */ = {isa = PBXBuildFile; fileRef = 0CC8DB67288CAD440095D124 /* ConsoleNetworkRequestTableCell.swift */; };
		0CC8DBCB288CAD440095D124 /* ConsoleMessageView.swift in Sources */ = {isa = PBXBuildFile; fileRef = 0CC8DB68288CAD440095D124 /* ConsoleMessageView.swift */; };
		0CC8DBCC288CAD440095D124 /* ConsoleNetworkRequestView.swift in Sources */ = {isa = PBXBuildFile; fileRef = 0CC8DB69288CAD440095D124 /* ConsoleNetworkRequestView.swift */; };
		0CC8DBCD288CAD440095D124 /* ConsoleViewModel.swift in Sources */ = {isa = PBXBuildFile; fileRef = 0CC8DB6A288CAD440095D124 /* ConsoleViewModel.swift */; };
		0CC8DBCE288CAD440095D124 /* SwiftUIExtensions.swift in Sources */ = {isa = PBXBuildFile; fileRef = 0CC8DB6C288CAD440095D124 /* SwiftUIExtensions.swift */; };
		0CC8DBCF288CAD440095D124 /* NetworkLoggerSummary+Sharing.swift in Sources */ = {isa = PBXBuildFile; fileRef = 0CC8DB6D288CAD440095D124 /* NetworkLoggerSummary+Sharing.swift */; };
		0CC8DBD0288CAD440095D124 /* URLRequest+cURL.swift in Sources */ = {isa = PBXBuildFile; fileRef = 0CC8DB6E288CAD440095D124 /* URLRequest+cURL.swift */; };
		0CC8DBD1288CAD440095D124 /* NSTableView+Extensions.swift in Sources */ = {isa = PBXBuildFile; fileRef = 0CC8DB6F288CAD440095D124 /* NSTableView+Extensions.swift */; };
		0CC8DBD2288CAD440095D124 /* Foundation+Extensions.swift in Sources */ = {isa = PBXBuildFile; fileRef = 0CC8DB70288CAD440095D124 /* Foundation+Extensions.swift */; };
		0CC8DBD3288CAD440095D124 /* UITableView+Extensions.swift in Sources */ = {isa = PBXBuildFile; fileRef = 0CC8DB71288CAD440095D124 /* UITableView+Extensions.swift */; };
		0CC8DBD4288CAD440095D124 /* Formatters.swift in Sources */ = {isa = PBXBuildFile; fileRef = 0CC8DB72288CAD440095D124 /* Formatters.swift */; };
		0CC8DBD5288CAD440095D124 /* MainViewController.swift in Sources */ = {isa = PBXBuildFile; fileRef = 0CC8DB74288CAD440095D124 /* MainViewController.swift */; };
		0CC8DBD6288CAD440095D124 /* NotSplitView.swift in Sources */ = {isa = PBXBuildFile; fileRef = 0CC8DB76288CAD440095D124 /* NotSplitView.swift */; };
		0CC8DBD7288CAD440095D124 /* KeyValueGridView.swift in Sources */ = {isa = PBXBuildFile; fileRef = 0CC8DB77288CAD440095D124 /* KeyValueGridView.swift */; };
		0CC8DBD8288CAD440095D124 /* BadgeView.swift in Sources */ = {isa = PBXBuildFile; fileRef = 0CC8DB78288CAD440095D124 /* BadgeView.swift */; };
		0CC8DBD9288CAD440095D124 /* Spinner.swift in Sources */ = {isa = PBXBuildFile; fileRef = 0CC8DB79288CAD440095D124 /* Spinner.swift */; };
		0CC8DBDA288CAD440095D124 /* PlaceholderView.swift in Sources */ = {isa = PBXBuildFile; fileRef = 0CC8DB7A288CAD440095D124 /* PlaceholderView.swift */; };
		0CC8DBDB288CAD440095D124 /* ToastView.swift in Sources */ = {isa = PBXBuildFile; fileRef = 0CC8DB7B288CAD440095D124 /* ToastView.swift */; };
		0CC8DBDC288CAD440095D124 /* ExDivider.swift in Sources */ = {isa = PBXBuildFile; fileRef = 0CC8DB7C288CAD440095D124 /* ExDivider.swift */; };
		0CC8DBDD288CAD440095D124 /* ShareView.swift in Sources */ = {isa = PBXBuildFile; fileRef = 0CC8DB7D288CAD440095D124 /* ShareView.swift */; };
		0CC8DBDE288CAD440095D124 /* SearchBar.swift in Sources */ = {isa = PBXBuildFile; fileRef = 0CC8DB7E288CAD440095D124 /* SearchBar.swift */; };
		0CC8DBDF288CAD440095D124 /* LargeSectionHeader.swift in Sources */ = {isa = PBXBuildFile; fileRef = 0CC8DB7F288CAD440095D124 /* LargeSectionHeader.swift */; };
		0CC8DBE0288CAD440095D124 /* RichTextView-watchos.swift in Sources */ = {isa = PBXBuildFile; fileRef = 0CC8DB80288CAD440095D124 /* RichTextView-watchos.swift */; };
		0CC8DBE1288CAD440095D124 /* BadgePickerItemView.swift in Sources */ = {isa = PBXBuildFile; fileRef = 0CC8DB81288CAD440095D124 /* BadgePickerItemView.swift */; };
		0CC8DBE2288CAD440095D124 /* KeyValueSectionView+Factory.swift in Sources */ = {isa = PBXBuildFile; fileRef = 0CC8DB82288CAD440095D124 /* KeyValueSectionView+Factory.swift */; };
		0CC8DBE3288CAD440095D124 /* PlaceholderView+Extensions.swift in Sources */ = {isa = PBXBuildFile; fileRef = 0CC8DB83288CAD440095D124 /* PlaceholderView+Extensions.swift */; };
		0CC8DBE4288CAD440095D124 /* TimingView.swift in Sources */ = {isa = PBXBuildFile; fileRef = 0CC8DB84288CAD440095D124 /* TimingView.swift */; };
		0CC8DBE5288CAD440095D124 /* Border.swift in Sources */ = {isa = PBXBuildFile; fileRef = 0CC8DB85288CAD440095D124 /* Border.swift */; };
		0CC8DBE6288CAD440095D124 /* KeyValueSectionView.swift in Sources */ = {isa = PBXBuildFile; fileRef = 0CC8DB86288CAD440095D124 /* KeyValueSectionView.swift */; };
		0CC8DBE7288CAD440095D124 /* Checkbox.swift in Sources */ = {isa = PBXBuildFile; fileRef = 0CC8DB87288CAD440095D124 /* Checkbox.swift */; };
		0CC8DBE8288CAD440095D124 /* PinButton.swift in Sources */ = {isa = PBXBuildFile; fileRef = 0CC8DB88288CAD440095D124 /* PinButton.swift */; };
		0CC8DBE9288CAD440095D124 /* RichTextView.swift in Sources */ = {isa = PBXBuildFile; fileRef = 0CC8DB89288CAD440095D124 /* RichTextView.swift */; };
		0CC8DBEA288CAD440095D124 /* ContextMenus.swift in Sources */ = {isa = PBXBuildFile; fileRef = 0CC8DB8A288CAD440095D124 /* ContextMenus.swift */; };
		0CC8DBEB288CAD440095D124 /* UXKit.swift in Sources */ = {isa = PBXBuildFile; fileRef = 0CC8DB8C288CAD440095D124 /* UXKit.swift */; };
		0CC8DBEC288CAD440095D124 /* FetchedObjects.swift in Sources */ = {isa = PBXBuildFile; fileRef = 0CC8DB8E288CAD440095D124 /* FetchedObjects.swift */; };
		0CC8DBED288CAD440095D124 /* UIKit+Extensions.swift in Sources */ = {isa = PBXBuildFile; fileRef = 0CC8DB8F288CAD440095D124 /* UIKit+Extensions.swift */; };
		0CC8DBEE288CAD440095D124 /* JSONPrinter.swift in Sources */ = {isa = PBXBuildFile; fileRef = 0CC8DB90288CAD440095D124 /* JSONPrinter.swift */; };
		0CC8DBEF288CAD440095D124 /* Cache.swift in Sources */ = {isa = PBXBuildFile; fileRef = 0CC8DB91288CAD440095D124 /* Cache.swift */; };
		0CC8DBF0288CAD440095D124 /* LoggerSync.swift in Sources */ = {isa = PBXBuildFile; fileRef = 0CC8DB92288CAD440095D124 /* LoggerSync.swift */; };
		0CC8DBF1288CAD440095D124 /* ManagedObjectTextSearch.swift in Sources */ = {isa = PBXBuildFile; fileRef = 0CC8DB93288CAD440095D124 /* ManagedObjectTextSearch.swift */; };
		0CC8DBF2288CAD440095D124 /* NetworkLoggerSummary.swift in Sources */ = {isa = PBXBuildFile; fileRef = 0CC8DB94288CAD440095D124 /* NetworkLoggerSummary.swift */; };
		0CC8DBF3288CAD440095D124 /* ShareItems.swift in Sources */ = {isa = PBXBuildFile; fileRef = 0CC8DB95288CAD440095D124 /* ShareItems.swift */; };
		0CC93A5626FF952000F6C378 /* MessageDetailsViewPro.swift in Sources */ = {isa = PBXBuildFile; fileRef = 0CC93A5526FF952000F6C378 /* MessageDetailsViewPro.swift */; };
		0CC93A5926FF9C6D00F6C378 /* NetworkInspectorViewPro.swift in Sources */ = {isa = PBXBuildFile; fileRef = 0CC93A5826FF9C6D00F6C378 /* NetworkInspectorViewPro.swift */; };
		0CC93A5B26FF9FDA00F6C378 /* NetworkInspectorHeadersViewPro.swift in Sources */ = {isa = PBXBuildFile; fileRef = 0CC93A5A26FF9FDA00F6C378 /* NetworkInspectorHeadersViewPro.swift */; };
		0CC93A5D26FFA76F00F6C378 /* KeyValueViewPro.swift in Sources */ = {isa = PBXBuildFile; fileRef = 0CC93A5C26FFA76F00F6C378 /* KeyValueViewPro.swift */; };
		0CD8645A26F8FB9C0021D549 /* RemoteLoggerClient.swift in Sources */ = {isa = PBXBuildFile; fileRef = 0CD8645926F8FB9C0021D549 /* RemoteLoggerClient.swift */; };
		0CD8645F26F906180021D549 /* Helpers.swift in Sources */ = {isa = PBXBuildFile; fileRef = 0CD8645E26F906180021D549 /* Helpers.swift */; };
		0CD8646626F921310021D549 /* RemoteLoggerClientStatusView.swift in Sources */ = {isa = PBXBuildFile; fileRef = 0CD8646526F921310021D549 /* RemoteLoggerClientStatusView.swift */; };
		0CE31C0E2730AD46004A84EB /* Align.swift in Sources */ = {isa = PBXBuildFile; fileRef = 0CE31C0D2730AD46004A84EB /* Align.swift */; };
		0CE63EAA2729D09D00BA278D /* SiderbarViewController.swift in Sources */ = {isa = PBXBuildFile; fileRef = 0CE63EA92729D09D00BA278D /* SiderbarViewController.swift */; };
		0CEC579A27123F24001DD5C9 /* StandaloneJSONViewer.swift in Sources */ = {isa = PBXBuildFile; fileRef = 0CEC579927123F24001DD5C9 /* StandaloneJSONViewer.swift */; };
		0CF6E6392717179B00CC3B30 /* TextSearchViewModel.swift in Sources */ = {isa = PBXBuildFile; fileRef = 0CF6E6382717179B00CC3B30 /* TextSearchViewModel.swift */; };
		0CF6E63B27171B4C00CC3B30 /* TextSearchToolbar.swift in Sources */ = {isa = PBXBuildFile; fileRef = 0CF6E63A27171B4C00CC3B30 /* TextSearchToolbar.swift */; };
		0CFB25D92708A25F00A06026 /* RemoteLoggerClientViewModel.swift in Sources */ = {isa = PBXBuildFile; fileRef = 0CFB25D82708A25F00A06026 /* RemoteLoggerClientViewModel.swift */; };
/* End PBXBuildFile section */

/* Begin PBXCopyFilesBuildPhase section */
		0CB87256245F478C00CAF647 /* Embed Frameworks */ = {
			isa = PBXCopyFilesBuildPhase;
			buildActionMask = 2147483647;
			dstPath = "";
			dstSubfolderSpec = 10;
			files = (
			);
			name = "Embed Frameworks";
			runOnlyForDeploymentPostprocessing = 0;
		};
/* End PBXCopyFilesBuildPhase section */

/* Begin PBXFileReference section */
		0C07EDCD25CEF648002DC091 /* README.md */ = {isa = PBXFileReference; lastKnownFileType = net.daringfireball.markdown; path = README.md; sourceTree = "<group>"; };
		0C0B2CD22738161400DB711E /* ManagedObjectsList.swift */ = {isa = PBXFileReference; lastKnownFileType = sourcecode.swift; path = ManagedObjectsList.swift; sourceTree = "<group>"; };
		0C172F962700C61700A179A7 /* ConsoleStoryView.swift */ = {isa = PBXFileReference; lastKnownFileType = sourcecode.swift; path = ConsoleStoryView.swift; sourceTree = "<group>"; };
		0C17B1FC2704014D00784EDC /* jq-osx-amd64 */ = {isa = PBXFileReference; lastKnownFileType = "compiled.mach-o.executable"; name = "jq-osx-amd64"; path = "../../Downloads/jq-osx-amd64"; sourceTree = "<group>"; };
		0C17B2042704E37600784EDC /* NetworkListViewPro.swift */ = {isa = PBXFileReference; lastKnownFileType = sourcecode.swift; path = NetworkListViewPro.swift; sourceTree = "<group>"; };
		0C17B20B2704E9AE00784EDC /* ConsoleDetailsRouter.swift */ = {isa = PBXFileReference; lastKnownFileType = sourcecode.swift; path = ConsoleDetailsRouter.swift; sourceTree = "<group>"; };
		0C17B20E2705021A00784EDC /* NetworkMainViewModel.swift */ = {isa = PBXFileReference; lastKnownFileType = sourcecode.swift; path = NetworkMainViewModel.swift; sourceTree = "<group>"; };
		0C17B210270502C100784EDC /* NetworkMessagesTextSearch.swift */ = {isa = PBXFileReference; lastKnownFileType = sourcecode.swift; path = NetworkMessagesTextSearch.swift; sourceTree = "<group>"; };
		0C23EFC727012CD700F81F0D /* LineNumbers.swift */ = {isa = PBXFileReference; lastKnownFileType = sourcecode.swift; path = LineNumbers.swift; sourceTree = "<group>"; };
		0C2464A525D9D6C40057A577 /* AppCommands.swift */ = {isa = PBXFileReference; lastKnownFileType = sourcecode.swift; path = AppCommands.swift; sourceTree = "<group>"; };
		0C25ACD527068FF4000E6DD5 /* PinsService.swift */ = {isa = PBXFileReference; lastKnownFileType = sourcecode.swift; path = PinsService.swift; sourceTree = "<group>"; };
		0C25ACD72706A597000E6DD5 /* PinScrollerButton.swift */ = {isa = PBXFileReference; lastKnownFileType = sourcecode.swift; path = PinScrollerButton.swift; sourceTree = "<group>"; };
		0C25ACD92707970E000E6DD5 /* TableScroller.swift */ = {isa = PBXFileReference; lastKnownFileType = sourcecode.swift; path = TableScroller.swift; sourceTree = "<group>"; };
		0C2F854626FE316000962464 /* ConsoleMainViewModel.swift */ = {isa = PBXFileReference; lastKnownFileType = sourcecode.swift; path = ConsoleMainViewModel.swift; sourceTree = "<group>"; };
		0C2F854C26FE574B00962464 /* TableViewCells.swift */ = {isa = PBXFileReference; lastKnownFileType = sourcecode.swift; path = TableViewCells.swift; sourceTree = "<group>"; };
		0C2F854E26FE693200962464 /* ConsoleTableViewPro.swift */ = {isa = PBXFileReference; fileEncoding = 4; lastKnownFileType = sourcecode.swift; path = ConsoleTableViewPro.swift; sourceTree = "<group>"; };
		0C32EA3826FBCF5C000EB5E6 /* RemoteLoggerViewModel.swift */ = {isa = PBXFileReference; lastKnownFileType = sourcecode.swift; path = RemoteLoggerViewModel.swift; sourceTree = "<group>"; };
		0C32EBCE26FCB6C6000EB5E6 /* MainViewPro.swift */ = {isa = PBXFileReference; lastKnownFileType = sourcecode.swift; path = MainViewPro.swift; sourceTree = "<group>"; };
		0C32EBD026FCB83A000EB5E6 /* MainViewModelPro.swift */ = {isa = PBXFileReference; lastKnownFileType = sourcecode.swift; path = MainViewModelPro.swift; sourceTree = "<group>"; };
		0C35311A270E35FF007148FD /* JSONTextView.swift */ = {isa = PBXFileReference; lastKnownFileType = sourcecode.swift; path = JSONTextView.swift; sourceTree = "<group>"; };
		0C35311C270E5F6E007148FD /* JSONView.swift */ = {isa = PBXFileReference; lastKnownFileType = sourcecode.swift; path = JSONView.swift; sourceTree = "<group>"; };
		0C35311E270E65E6007148FD /* JSONViewModel.swift */ = {isa = PBXFileReference; lastKnownFileType = sourcecode.swift; path = JSONViewModel.swift; sourceTree = "<group>"; };
		0C43687C270D2FC80088AC3E /* JSON.swift */ = {isa = PBXFileReference; lastKnownFileType = sourcecode.swift; path = JSON.swift; sourceTree = "<group>"; };
		0C43687E270D312A0088AC3E /* NewJSONPrinter.swift */ = {isa = PBXFileReference; lastKnownFileType = sourcecode.swift; path = NewJSONPrinter.swift; sourceTree = "<group>"; };
		0C43E16B273888550094E465 /* ConsoleCommandsListenerView.swift */ = {isa = PBXFileReference; lastKnownFileType = sourcecode.swift; path = ConsoleCommandsListenerView.swift; sourceTree = "<group>"; };
		0C515EB026FD10C100D415F6 /* RouterView.swift */ = {isa = PBXFileReference; lastKnownFileType = sourcecode.swift; path = RouterView.swift; sourceTree = "<group>"; };
		0C515EB326FD117E00D415F6 /* AppRouter.swift */ = {isa = PBXFileReference; lastKnownFileType = sourcecode.swift; path = AppRouter.swift; sourceTree = "<group>"; };
		0C515EB526FD215100D415F6 /* WindowAccessor.swift */ = {isa = PBXFileReference; lastKnownFileType = sourcecode.swift; path = WindowAccessor.swift; sourceTree = "<group>"; };
		0C515EB826FD284100D415F6 /* SettingsView.swift */ = {isa = PBXFileReference; lastKnownFileType = sourcecode.swift; path = SettingsView.swift; sourceTree = "<group>"; };
		0C515EBA26FD288500D415F6 /* Settings.swift */ = {isa = PBXFileReference; lastKnownFileType = sourcecode.swift; path = Settings.swift; sourceTree = "<group>"; };
		0C57AD66245F0F38005B3400 /* Assets.xcassets */ = {isa = PBXFileReference; lastKnownFileType = folder.assetcatalog; path = Assets.xcassets; sourceTree = "<group>"; };
		0C57AD6D245F0F38005B3400 /* macOS.entitlements */ = {isa = PBXFileReference; fileEncoding = 4; lastKnownFileType = text.plist.entitlements; path = macOS.entitlements; sourceTree = "<group>"; };
		0C57AD6E245F0F38005B3400 /* App.swift */ = {isa = PBXFileReference; fileEncoding = 4; lastKnownFileType = sourcecode.swift; path = App.swift; sourceTree = "<group>"; };
		0C57AD6F245F0F38005B3400 /* Info.plist */ = {isa = PBXFileReference; fileEncoding = 4; lastKnownFileType = text.plist.xml; path = Info.plist; sourceTree = "<group>"; };
		0C57AD8C245F0F55005B3400 /* Pulse Pro.app */ = {isa = PBXFileReference; explicitFileType = wrapper.application; includeInIndex = 0; path = "Pulse Pro.app"; sourceTree = BUILT_PRODUCTS_DIR; };
		0C57ADC1245F1441005B3400 /* AppWelcomeView.swift */ = {isa = PBXFileReference; lastKnownFileType = sourcecode.swift; path = AppWelcomeView.swift; sourceTree = "<group>"; };
		0C614B692726087E00F6978D /* ConsoleContainerView.swift */ = {isa = PBXFileReference; lastKnownFileType = sourcecode.swift; path = ConsoleContainerView.swift; sourceTree = "<group>"; };
		0C64DC1726F4D0A1002BC061 /* AppDelegate.swift */ = {isa = PBXFileReference; lastKnownFileType = sourcecode.swift; path = AppDelegate.swift; sourceTree = "<group>"; };
		0C6E34A72701FECE00EA9254 /* NetworkInspectorResponseViewPro.swift */ = {isa = PBXFileReference; lastKnownFileType = sourcecode.swift; path = NetworkInspectorResponseViewPro.swift; sourceTree = "<group>"; };
		0C7E56C928021C4600D7A8DF /* Pulse */ = {isa = PBXFileReference; lastKnownFileType = wrapper; path = Pulse; sourceTree = "<group>"; };
		0C7E56CD28021C9800D7A8DF /* RemoteLoggerProtocol.swift */ = {isa = PBXFileReference; lastKnownFileType = sourcecode.swift; path = RemoteLoggerProtocol.swift; sourceTree = "<group>"; };
		0C82DFA726F2D41D00700C4C /* RemoteLoggerServer.swift */ = {isa = PBXFileReference; lastKnownFileType = sourcecode.swift; path = RemoteLoggerServer.swift; sourceTree = "<group>"; };
		0C85D60D2701428200211C4C /* RichTextViewPro.swift */ = {isa = PBXFileReference; lastKnownFileType = sourcecode.swift; path = RichTextViewPro.swift; sourceTree = "<group>"; };
		0C97EA2C26F3940E00BFA8E3 /* LoaderView.swift */ = {isa = PBXFileReference; lastKnownFileType = sourcecode.swift; path = LoaderView.swift; sourceTree = "<group>"; };
		0C9F04DC2884AA7F0035239F /* Version.swift */ = {isa = PBXFileReference; lastKnownFileType = sourcecode.swift; path = Version.swift; sourceTree = "<group>"; };
		0CA35CA5272D7C7000B127E8 /* FileRouterView.swift */ = {isa = PBXFileReference; lastKnownFileType = sourcecode.swift; path = FileRouterView.swift; sourceTree = "<group>"; };
		0CB2AD2A2706534B00DEBF29 /* Attributed.swift */ = {isa = PBXFileReference; lastKnownFileType = sourcecode.swift; path = Attributed.swift; sourceTree = "<group>"; };
		0CB9A084271FA96E00CA99F3 /* TableViewExtensions.swift */ = {isa = PBXFileReference; lastKnownFileType = sourcecode.swift; path = TableViewExtensions.swift; sourceTree = "<group>"; };
		0CC42A5E2708B0120038C89B /* ConsoleNetworkRequestContextMenuViewPro.swift */ = {isa = PBXFileReference; lastKnownFileType = sourcecode.swift; path = ConsoleNetworkRequestContextMenuViewPro.swift; sourceTree = "<group>"; };
		0CC8DAB4288CAD260095D124 /* PulseUI */ = {isa = PBXFileReference; lastKnownFileType = folder; name = PulseUI; path = Pulse/Sources/PulseUI; sourceTree = "<group>"; };
		0CC8DB29288CAD440095D124 /* MockStore.swift */ = {isa = PBXFileReference; fileEncoding = 4; lastKnownFileType = sourcecode.swift; path = MockStore.swift; sourceTree = "<group>"; };
		0CC8DB2A288CAD440095D124 /* MockDataTask.swift */ = {isa = PBXFileReference; fileEncoding = 4; lastKnownFileType = sourcecode.swift; path = MockDataTask.swift; sourceTree = "<group>"; };
		0CC8DB2D288CAD440095D124 /* PinsView-ios.swift */ = {isa = PBXFileReference; fileEncoding = 4; lastKnownFileType = sourcecode.swift; path = "PinsView-ios.swift"; sourceTree = "<group>"; };
		0CC8DB2E288CAD440095D124 /* PinsViewModel.swift */ = {isa = PBXFileReference; fileEncoding = 4; lastKnownFileType = sourcecode.swift; path = PinsViewModel.swift; sourceTree = "<group>"; };
		0CC8DB30288CAD440095D124 /* ConsoleSearchCriteria.swift */ = {isa = PBXFileReference; fileEncoding = 4; lastKnownFileType = sourcecode.swift; path = ConsoleSearchCriteria.swift; sourceTree = "<group>"; };
		0CC8DB31288CAD440095D124 /* ConsoleFiltersView-macos.swift */ = {isa = PBXFileReference; fileEncoding = 4; lastKnownFileType = sourcecode.swift; path = "ConsoleFiltersView-macos.swift"; sourceTree = "<group>"; };
		0CC8DB32288CAD440095D124 /* Filters-ios.swift */ = {isa = PBXFileReference; fileEncoding = 4; lastKnownFileType = sourcecode.swift; path = "Filters-ios.swift"; sourceTree = "<group>"; };
		0CC8DB33288CAD440095D124 /* Filters-macos.swift */ = {isa = PBXFileReference; fileEncoding = 4; lastKnownFileType = sourcecode.swift; path = "Filters-macos.swift"; sourceTree = "<group>"; };
		0CC8DB34288CAD440095D124 /* ConsoleFiltersLabelsPickerView.swift */ = {isa = PBXFileReference; fileEncoding = 4; lastKnownFileType = sourcecode.swift; path = ConsoleFiltersLabelsPickerView.swift; sourceTree = "<group>"; };
		0CC8DB35288CAD440095D124 /* ConsoleSearchCriteriaViewModel.swift */ = {isa = PBXFileReference; fileEncoding = 4; lastKnownFileType = sourcecode.swift; path = ConsoleSearchCriteriaViewModel.swift; sourceTree = "<group>"; };
		0CC8DB36288CAD440095D124 /* ConsoleFiltersView-ios.swift */ = {isa = PBXFileReference; fileEncoding = 4; lastKnownFileType = sourcecode.swift; path = "ConsoleFiltersView-ios.swift"; sourceTree = "<group>"; };
		0CC8DB37288CAD440095D124 /* NetworkSearchCriteriaViewModel.swift */ = {isa = PBXFileReference; fileEncoding = 4; lastKnownFileType = sourcecode.swift; path = NetworkSearchCriteriaViewModel.swift; sourceTree = "<group>"; };
		0CC8DB38288CAD440095D124 /* NetworkSearchCriteria.swift */ = {isa = PBXFileReference; fileEncoding = 4; lastKnownFileType = sourcecode.swift; path = NetworkSearchCriteria.swift; sourceTree = "<group>"; };
		0CC8DB39288CAD440095D124 /* NetworkFiltersView-macos.swift */ = {isa = PBXFileReference; fileEncoding = 4; lastKnownFileType = sourcecode.swift; path = "NetworkFiltersView-macos.swift"; sourceTree = "<group>"; };
		0CC8DB3A288CAD440095D124 /* NetworkFiltersView-ios.swift */ = {isa = PBXFileReference; fileEncoding = 4; lastKnownFileType = sourcecode.swift; path = "NetworkFiltersView-ios.swift"; sourceTree = "<group>"; };
		0CC8DB3C288CAD440095D124 /* RemoteLoggerSettingsView.swift */ = {isa = PBXFileReference; fileEncoding = 4; lastKnownFileType = sourcecode.swift; path = RemoteLoggerSettingsView.swift; sourceTree = "<group>"; };
		0CC8DB3D288CAD440095D124 /* SettingsView-ios.swift */ = {isa = PBXFileReference; fileEncoding = 4; lastKnownFileType = sourcecode.swift; path = "SettingsView-ios.swift"; sourceTree = "<group>"; };
		0CC8DB3E288CAD440095D124 /* StoreDetailsView.swift */ = {isa = PBXFileReference; fileEncoding = 4; lastKnownFileType = sourcecode.swift; path = StoreDetailsView.swift; sourceTree = "<group>"; };
		0CC8DB3F288CAD440095D124 /* SettingsView-tvos.swift */ = {isa = PBXFileReference; fileEncoding = 4; lastKnownFileType = sourcecode.swift; path = "SettingsView-tvos.swift"; sourceTree = "<group>"; };
		0CC8DB40288CAD440095D124 /* SettingsView-macOS.swift */ = {isa = PBXFileReference; fileEncoding = 4; lastKnownFileType = sourcecode.swift; path = "SettingsView-macOS.swift"; sourceTree = "<group>"; };
		0CC8DB42288CAD440095D124 /* ConsoleMessageMetadataView.swift */ = {isa = PBXFileReference; fileEncoding = 4; lastKnownFileType = sourcecode.swift; path = ConsoleMessageMetadataView.swift; sourceTree = "<group>"; };
		0CC8DB43288CAD440095D124 /* ConsoleMessageDetailsView.swift */ = {isa = PBXFileReference; fileEncoding = 4; lastKnownFileType = sourcecode.swift; path = ConsoleMessageDetailsView.swift; sourceTree = "<group>"; };
		0CC8DB44288CAD440095D124 /* ConsoleMessageDetailsRouter.swift */ = {isa = PBXFileReference; fileEncoding = 4; lastKnownFileType = sourcecode.swift; path = ConsoleMessageDetailsRouter.swift; sourceTree = "<group>"; };
		0CC8DB45288CAD440095D124 /* ConsoleMessageDetailsViewModel.swift */ = {isa = PBXFileReference; fileEncoding = 4; lastKnownFileType = sourcecode.swift; path = ConsoleMessageDetailsViewModel.swift; sourceTree = "<group>"; };
		0CC8DB47288CAD440095D124 /* DocumentBrowser.swift */ = {isa = PBXFileReference; fileEncoding = 4; lastKnownFileType = sourcecode.swift; path = DocumentBrowser.swift; sourceTree = "<group>"; };
		0CC8DB49288CAD440095D124 /* NetworkInspectorResponseView.swift */ = {isa = PBXFileReference; fileEncoding = 4; lastKnownFileType = sourcecode.swift; path = NetworkInspectorResponseView.swift; sourceTree = "<group>"; };
		0CC8DB4A288CAD440095D124 /* NetworkInspectorMetricsDetailsView.swift */ = {isa = PBXFileReference; fileEncoding = 4; lastKnownFileType = sourcecode.swift; path = NetworkInspectorMetricsDetailsView.swift; sourceTree = "<group>"; };
		0CC8DB4B288CAD440095D124 /* NetworkInspectorTransferInfoView.swift */ = {isa = PBXFileReference; fileEncoding = 4; lastKnownFileType = sourcecode.swift; path = NetworkInspectorTransferInfoView.swift; sourceTree = "<group>"; };
		0CC8DB4C288CAD440095D124 /* NetworkInspectorView.swift */ = {isa = PBXFileReference; fileEncoding = 4; lastKnownFileType = sourcecode.swift; path = NetworkInspectorView.swift; sourceTree = "<group>"; };
		0CC8DB4D288CAD440095D124 /* NetworkInspectorTransactionView.swift */ = {isa = PBXFileReference; fileEncoding = 4; lastKnownFileType = sourcecode.swift; path = NetworkInspectorTransactionView.swift; sourceTree = "<group>"; };
		0CC8DB4E288CAD440095D124 /* NetworkInspectorTransactionsListView.swift */ = {isa = PBXFileReference; fileEncoding = 4; lastKnownFileType = sourcecode.swift; path = NetworkInspectorTransactionsListView.swift; sourceTree = "<group>"; };
		0CC8DB4F288CAD440095D124 /* NetworkInspectorMetricsView.swift */ = {isa = PBXFileReference; fileEncoding = 4; lastKnownFileType = sourcecode.swift; path = NetworkInspectorMetricsView.swift; sourceTree = "<group>"; };
		0CC8DB50288CAD440095D124 /* NetworkInspectorSummaryView.swift */ = {isa = PBXFileReference; fileEncoding = 4; lastKnownFileType = sourcecode.swift; path = NetworkInspectorSummaryView.swift; sourceTree = "<group>"; };
		0CC8DB51288CAD440095D124 /* NetworkInspectorHeadersView.swift */ = {isa = PBXFileReference; fileEncoding = 4; lastKnownFileType = sourcecode.swift; path = NetworkInspectorHeadersView.swift; sourceTree = "<group>"; };
		0CC8DB52288CAD440095D124 /* NetworkInspectorSummaryViewModel.swift */ = {isa = PBXFileReference; fileEncoding = 4; lastKnownFileType = sourcecode.swift; path = NetworkInspectorSummaryViewModel.swift; sourceTree = "<group>"; };
		0CC8DB54288CAD440095D124 /* NetworkView.swift */ = {isa = PBXFileReference; fileEncoding = 4; lastKnownFileType = sourcecode.swift; path = NetworkView.swift; sourceTree = "<group>"; };
		0CC8DB55288CAD440095D124 /* NetworkViewModel.swift */ = {isa = PBXFileReference; fileEncoding = 4; lastKnownFileType = sourcecode.swift; path = NetworkViewModel.swift; sourceTree = "<group>"; };
		0CC8DB57288CAD440095D124 /* MainViewModel-macos.swift */ = {isa = PBXFileReference; fileEncoding = 4; lastKnownFileType = sourcecode.swift; path = "MainViewModel-macos.swift"; sourceTree = "<group>"; };
		0CC8DB58288CAD440095D124 /* ConsoleConfiguration.swift */ = {isa = PBXFileReference; fileEncoding = 4; lastKnownFileType = sourcecode.swift; path = ConsoleConfiguration.swift; sourceTree = "<group>"; };
		0CC8DB59288CAD440095D124 /* MainView-macos.swift */ = {isa = PBXFileReference; fileEncoding = 4; lastKnownFileType = sourcecode.swift; path = "MainView-macos.swift"; sourceTree = "<group>"; };
		0CC8DB5A288CAD440095D124 /* MainView-ios-tvos.swift */ = {isa = PBXFileReference; fileEncoding = 4; lastKnownFileType = sourcecode.swift; path = "MainView-ios-tvos.swift"; sourceTree = "<group>"; };
		0CC8DB5B288CAD440095D124 /* MainViewModel-ios-tvos.swift */ = {isa = PBXFileReference; fileEncoding = 4; lastKnownFileType = sourcecode.swift; path = "MainViewModel-ios-tvos.swift"; sourceTree = "<group>"; };
		0CC8DB5D288CAD440095D124 /* ConsoleMessagesForEach.swift */ = {isa = PBXFileReference; fileEncoding = 4; lastKnownFileType = sourcecode.swift; path = ConsoleMessagesForEach.swift; sourceTree = "<group>"; };
		0CC8DB5E288CAD440095D124 /* ConsoleTableView-macos.swift */ = {isa = PBXFileReference; fileEncoding = 4; lastKnownFileType = sourcecode.swift; path = "ConsoleTableView-macos.swift"; sourceTree = "<group>"; };
		0CC8DB5F288CAD440095D124 /* ConsoleView-ios.swift */ = {isa = PBXFileReference; fileEncoding = 4; lastKnownFileType = sourcecode.swift; path = "ConsoleView-ios.swift"; sourceTree = "<group>"; };
		0CC8DB60288CAD440095D124 /* ConsoleView-watchos.swift */ = {isa = PBXFileReference; fileEncoding = 4; lastKnownFileType = sourcecode.swift; path = "ConsoleView-watchos.swift"; sourceTree = "<group>"; };
		0CC8DB61288CAD440095D124 /* ConsoleView-tvos.swift */ = {isa = PBXFileReference; fileEncoding = 4; lastKnownFileType = sourcecode.swift; path = "ConsoleView-tvos.swift"; sourceTree = "<group>"; };
		0CC8DB62288CAD440095D124 /* ConsoleMessageViewModel.swift */ = {isa = PBXFileReference; fileEncoding = 4; lastKnownFileType = sourcecode.swift; path = ConsoleMessageViewModel.swift; sourceTree = "<group>"; };
		0CC8DB63288CAD440095D124 /* ConsoleNetworkRequestViewModel.swift */ = {isa = PBXFileReference; fileEncoding = 4; lastKnownFileType = sourcecode.swift; path = ConsoleNetworkRequestViewModel.swift; sourceTree = "<group>"; };
		0CC8DB64288CAD440095D124 /* ConsoleToolbar-macos.swift */ = {isa = PBXFileReference; fileEncoding = 4; lastKnownFileType = sourcecode.swift; path = "ConsoleToolbar-macos.swift"; sourceTree = "<group>"; };
		0CC8DB65288CAD440095D124 /* ConsoleMessageTableCell.swift */ = {isa = PBXFileReference; fileEncoding = 4; lastKnownFileType = sourcecode.swift; path = ConsoleMessageTableCell.swift; sourceTree = "<group>"; };
		0CC8DB66288CAD440095D124 /* ConsoleTableView-ios.swift */ = {isa = PBXFileReference; fileEncoding = 4; lastKnownFileType = sourcecode.swift; path = "ConsoleTableView-ios.swift"; sourceTree = "<group>"; };
		0CC8DB67288CAD440095D124 /* ConsoleNetworkRequestTableCell.swift */ = {isa = PBXFileReference; fileEncoding = 4; lastKnownFileType = sourcecode.swift; path = ConsoleNetworkRequestTableCell.swift; sourceTree = "<group>"; };
		0CC8DB68288CAD440095D124 /* ConsoleMessageView.swift */ = {isa = PBXFileReference; fileEncoding = 4; lastKnownFileType = sourcecode.swift; path = ConsoleMessageView.swift; sourceTree = "<group>"; };
		0CC8DB69288CAD440095D124 /* ConsoleNetworkRequestView.swift */ = {isa = PBXFileReference; fileEncoding = 4; lastKnownFileType = sourcecode.swift; path = ConsoleNetworkRequestView.swift; sourceTree = "<group>"; };
		0CC8DB6A288CAD440095D124 /* ConsoleViewModel.swift */ = {isa = PBXFileReference; fileEncoding = 4; lastKnownFileType = sourcecode.swift; path = ConsoleViewModel.swift; sourceTree = "<group>"; };
		0CC8DB6C288CAD440095D124 /* SwiftUIExtensions.swift */ = {isa = PBXFileReference; fileEncoding = 4; lastKnownFileType = sourcecode.swift; path = SwiftUIExtensions.swift; sourceTree = "<group>"; };
		0CC8DB6D288CAD440095D124 /* NetworkLoggerSummary+Sharing.swift */ = {isa = PBXFileReference; fileEncoding = 4; lastKnownFileType = sourcecode.swift; path = "NetworkLoggerSummary+Sharing.swift"; sourceTree = "<group>"; };
		0CC8DB6E288CAD440095D124 /* URLRequest+cURL.swift */ = {isa = PBXFileReference; fileEncoding = 4; lastKnownFileType = sourcecode.swift; path = "URLRequest+cURL.swift"; sourceTree = "<group>"; };
		0CC8DB6F288CAD440095D124 /* NSTableView+Extensions.swift */ = {isa = PBXFileReference; fileEncoding = 4; lastKnownFileType = sourcecode.swift; path = "NSTableView+Extensions.swift"; sourceTree = "<group>"; };
		0CC8DB70288CAD440095D124 /* Foundation+Extensions.swift */ = {isa = PBXFileReference; fileEncoding = 4; lastKnownFileType = sourcecode.swift; path = "Foundation+Extensions.swift"; sourceTree = "<group>"; };
		0CC8DB71288CAD440095D124 /* UITableView+Extensions.swift */ = {isa = PBXFileReference; fileEncoding = 4; lastKnownFileType = sourcecode.swift; path = "UITableView+Extensions.swift"; sourceTree = "<group>"; };
		0CC8DB72288CAD440095D124 /* Formatters.swift */ = {isa = PBXFileReference; fileEncoding = 4; lastKnownFileType = sourcecode.swift; path = Formatters.swift; sourceTree = "<group>"; };
		0CC8DB74288CAD440095D124 /* MainViewController.swift */ = {isa = PBXFileReference; fileEncoding = 4; lastKnownFileType = sourcecode.swift; path = MainViewController.swift; sourceTree = "<group>"; };
		0CC8DB76288CAD440095D124 /* NotSplitView.swift */ = {isa = PBXFileReference; fileEncoding = 4; lastKnownFileType = sourcecode.swift; path = NotSplitView.swift; sourceTree = "<group>"; };
		0CC8DB77288CAD440095D124 /* KeyValueGridView.swift */ = {isa = PBXFileReference; fileEncoding = 4; lastKnownFileType = sourcecode.swift; path = KeyValueGridView.swift; sourceTree = "<group>"; };
		0CC8DB78288CAD440095D124 /* BadgeView.swift */ = {isa = PBXFileReference; fileEncoding = 4; lastKnownFileType = sourcecode.swift; path = BadgeView.swift; sourceTree = "<group>"; };
		0CC8DB79288CAD440095D124 /* Spinner.swift */ = {isa = PBXFileReference; fileEncoding = 4; lastKnownFileType = sourcecode.swift; path = Spinner.swift; sourceTree = "<group>"; };
		0CC8DB7A288CAD440095D124 /* PlaceholderView.swift */ = {isa = PBXFileReference; fileEncoding = 4; lastKnownFileType = sourcecode.swift; path = PlaceholderView.swift; sourceTree = "<group>"; };
		0CC8DB7B288CAD440095D124 /* ToastView.swift */ = {isa = PBXFileReference; fileEncoding = 4; lastKnownFileType = sourcecode.swift; path = ToastView.swift; sourceTree = "<group>"; };
		0CC8DB7C288CAD440095D124 /* ExDivider.swift */ = {isa = PBXFileReference; fileEncoding = 4; lastKnownFileType = sourcecode.swift; path = ExDivider.swift; sourceTree = "<group>"; };
		0CC8DB7D288CAD440095D124 /* ShareView.swift */ = {isa = PBXFileReference; fileEncoding = 4; lastKnownFileType = sourcecode.swift; path = ShareView.swift; sourceTree = "<group>"; };
		0CC8DB7E288CAD440095D124 /* SearchBar.swift */ = {isa = PBXFileReference; fileEncoding = 4; lastKnownFileType = sourcecode.swift; path = SearchBar.swift; sourceTree = "<group>"; };
		0CC8DB7F288CAD440095D124 /* LargeSectionHeader.swift */ = {isa = PBXFileReference; fileEncoding = 4; lastKnownFileType = sourcecode.swift; path = LargeSectionHeader.swift; sourceTree = "<group>"; };
		0CC8DB80288CAD440095D124 /* RichTextView-watchos.swift */ = {isa = PBXFileReference; fileEncoding = 4; lastKnownFileType = sourcecode.swift; path = "RichTextView-watchos.swift"; sourceTree = "<group>"; };
		0CC8DB81288CAD440095D124 /* BadgePickerItemView.swift */ = {isa = PBXFileReference; fileEncoding = 4; lastKnownFileType = sourcecode.swift; path = BadgePickerItemView.swift; sourceTree = "<group>"; };
		0CC8DB82288CAD440095D124 /* KeyValueSectionView+Factory.swift */ = {isa = PBXFileReference; fileEncoding = 4; lastKnownFileType = sourcecode.swift; path = "KeyValueSectionView+Factory.swift"; sourceTree = "<group>"; };
		0CC8DB83288CAD440095D124 /* PlaceholderView+Extensions.swift */ = {isa = PBXFileReference; fileEncoding = 4; lastKnownFileType = sourcecode.swift; path = "PlaceholderView+Extensions.swift"; sourceTree = "<group>"; };
		0CC8DB84288CAD440095D124 /* TimingView.swift */ = {isa = PBXFileReference; fileEncoding = 4; lastKnownFileType = sourcecode.swift; path = TimingView.swift; sourceTree = "<group>"; };
		0CC8DB85288CAD440095D124 /* Border.swift */ = {isa = PBXFileReference; fileEncoding = 4; lastKnownFileType = sourcecode.swift; path = Border.swift; sourceTree = "<group>"; };
		0CC8DB86288CAD440095D124 /* KeyValueSectionView.swift */ = {isa = PBXFileReference; fileEncoding = 4; lastKnownFileType = sourcecode.swift; path = KeyValueSectionView.swift; sourceTree = "<group>"; };
		0CC8DB87288CAD440095D124 /* Checkbox.swift */ = {isa = PBXFileReference; fileEncoding = 4; lastKnownFileType = sourcecode.swift; path = Checkbox.swift; sourceTree = "<group>"; };
		0CC8DB88288CAD440095D124 /* PinButton.swift */ = {isa = PBXFileReference; fileEncoding = 4; lastKnownFileType = sourcecode.swift; path = PinButton.swift; sourceTree = "<group>"; };
		0CC8DB89288CAD440095D124 /* RichTextView.swift */ = {isa = PBXFileReference; fileEncoding = 4; lastKnownFileType = sourcecode.swift; path = RichTextView.swift; sourceTree = "<group>"; };
		0CC8DB8A288CAD440095D124 /* ContextMenus.swift */ = {isa = PBXFileReference; fileEncoding = 4; lastKnownFileType = sourcecode.swift; path = ContextMenus.swift; sourceTree = "<group>"; };
		0CC8DB8C288CAD440095D124 /* UXKit.swift */ = {isa = PBXFileReference; fileEncoding = 4; lastKnownFileType = sourcecode.swift; path = UXKit.swift; sourceTree = "<group>"; };
		0CC8DB8E288CAD440095D124 /* FetchedObjects.swift */ = {isa = PBXFileReference; fileEncoding = 4; lastKnownFileType = sourcecode.swift; path = FetchedObjects.swift; sourceTree = "<group>"; };
		0CC8DB8F288CAD440095D124 /* UIKit+Extensions.swift */ = {isa = PBXFileReference; fileEncoding = 4; lastKnownFileType = sourcecode.swift; path = "UIKit+Extensions.swift"; sourceTree = "<group>"; };
		0CC8DB90288CAD440095D124 /* JSONPrinter.swift */ = {isa = PBXFileReference; fileEncoding = 4; lastKnownFileType = sourcecode.swift; path = JSONPrinter.swift; sourceTree = "<group>"; };
		0CC8DB91288CAD440095D124 /* Cache.swift */ = {isa = PBXFileReference; fileEncoding = 4; lastKnownFileType = sourcecode.swift; path = Cache.swift; sourceTree = "<group>"; };
		0CC8DB92288CAD440095D124 /* LoggerSync.swift */ = {isa = PBXFileReference; fileEncoding = 4; lastKnownFileType = sourcecode.swift; path = LoggerSync.swift; sourceTree = "<group>"; };
		0CC8DB93288CAD440095D124 /* ManagedObjectTextSearch.swift */ = {isa = PBXFileReference; fileEncoding = 4; lastKnownFileType = sourcecode.swift; path = ManagedObjectTextSearch.swift; sourceTree = "<group>"; };
		0CC8DB94288CAD440095D124 /* NetworkLoggerSummary.swift */ = {isa = PBXFileReference; fileEncoding = 4; lastKnownFileType = sourcecode.swift; path = NetworkLoggerSummary.swift; sourceTree = "<group>"; };
		0CC8DB95288CAD440095D124 /* ShareItems.swift */ = {isa = PBXFileReference; fileEncoding = 4; lastKnownFileType = sourcecode.swift; path = ShareItems.swift; sourceTree = "<group>"; };
		0CC93A5526FF952000F6C378 /* MessageDetailsViewPro.swift */ = {isa = PBXFileReference; lastKnownFileType = sourcecode.swift; path = MessageDetailsViewPro.swift; sourceTree = "<group>"; };
		0CC93A5826FF9C6D00F6C378 /* NetworkInspectorViewPro.swift */ = {isa = PBXFileReference; lastKnownFileType = sourcecode.swift; path = NetworkInspectorViewPro.swift; sourceTree = "<group>"; };
		0CC93A5A26FF9FDA00F6C378 /* NetworkInspectorHeadersViewPro.swift */ = {isa = PBXFileReference; lastKnownFileType = sourcecode.swift; path = NetworkInspectorHeadersViewPro.swift; sourceTree = "<group>"; };
		0CC93A5C26FFA76F00F6C378 /* KeyValueViewPro.swift */ = {isa = PBXFileReference; lastKnownFileType = sourcecode.swift; path = KeyValueViewPro.swift; sourceTree = "<group>"; };
		0CD2A4AB25D4A2E70087E9E3 /* MockStore.swift */ = {isa = PBXFileReference; fileEncoding = 4; lastKnownFileType = sourcecode.swift; path = MockStore.swift; sourceTree = "<group>"; };
		0CD2A4AC25D4A2E70087E9E3 /* MockDataTask.swift */ = {isa = PBXFileReference; fileEncoding = 4; lastKnownFileType = sourcecode.swift; path = MockDataTask.swift; sourceTree = "<group>"; };
		0CD8645926F8FB9C0021D549 /* RemoteLoggerClient.swift */ = {isa = PBXFileReference; lastKnownFileType = sourcecode.swift; path = RemoteLoggerClient.swift; sourceTree = "<group>"; };
		0CD8645E26F906180021D549 /* Helpers.swift */ = {isa = PBXFileReference; lastKnownFileType = sourcecode.swift; path = Helpers.swift; sourceTree = "<group>"; };
		0CD8646526F921310021D549 /* RemoteLoggerClientStatusView.swift */ = {isa = PBXFileReference; lastKnownFileType = sourcecode.swift; path = RemoteLoggerClientStatusView.swift; sourceTree = "<group>"; };
		0CE31C0D2730AD46004A84EB /* Align.swift */ = {isa = PBXFileReference; lastKnownFileType = sourcecode.swift; path = Align.swift; sourceTree = "<group>"; };
		0CE3DB06260FB43D00521113 /* Scripts */ = {isa = PBXFileReference; lastKnownFileType = folder; path = Scripts; sourceTree = "<group>"; };
		0CE63EA92729D09D00BA278D /* SiderbarViewController.swift */ = {isa = PBXFileReference; lastKnownFileType = sourcecode.swift; path = SiderbarViewController.swift; sourceTree = "<group>"; };
		0CEC579927123F24001DD5C9 /* StandaloneJSONViewer.swift */ = {isa = PBXFileReference; lastKnownFileType = sourcecode.swift; path = StandaloneJSONViewer.swift; sourceTree = "<group>"; };
		0CF6E6382717179B00CC3B30 /* TextSearchViewModel.swift */ = {isa = PBXFileReference; lastKnownFileType = sourcecode.swift; path = TextSearchViewModel.swift; sourceTree = "<group>"; };
		0CF6E63A27171B4C00CC3B30 /* TextSearchToolbar.swift */ = {isa = PBXFileReference; lastKnownFileType = sourcecode.swift; path = TextSearchToolbar.swift; sourceTree = "<group>"; };
		0CFB25D82708A25F00A06026 /* RemoteLoggerClientViewModel.swift */ = {isa = PBXFileReference; lastKnownFileType = sourcecode.swift; path = RemoteLoggerClientViewModel.swift; sourceTree = "<group>"; };
		0CFF9BD825D6199A0069DB6A /* repos.json */ = {isa = PBXFileReference; lastKnownFileType = text.json; path = repos.json; sourceTree = "<group>"; };
/* End PBXFileReference section */

/* Begin PBXFrameworksBuildPhase section */
		0C57AD89245F0F55005B3400 /* Frameworks */ = {
			isa = PBXFrameworksBuildPhase;
			buildActionMask = 2147483647;
			files = (
				0C7E56CB28021C5800D7A8DF /* PulseCore in Frameworks */,
			);
			runOnlyForDeploymentPostprocessing = 0;
		};
/* End PBXFrameworksBuildPhase section */

/* Begin PBXGroup section */
		0C17B1FE2704D98C00784EDC /* Main */ = {
			isa = PBXGroup;
			children = (
				0C32EBD026FCB83A000EB5E6 /* MainViewModelPro.swift */,
				0C32EBCE26FCB6C6000EB5E6 /* MainViewPro.swift */,
				0CD8646526F921310021D549 /* RemoteLoggerClientStatusView.swift */,
				0CE63EA92729D09D00BA278D /* SiderbarViewController.swift */,
				0C614B692726087E00F6978D /* ConsoleContainerView.swift */,
				0C43E16B273888550094E465 /* ConsoleCommandsListenerView.swift */,
			);
			path = Main;
			sourceTree = "<group>";
		};
		0C17B1FF2704D99E00784EDC /* Console */ = {
			isa = PBXGroup;
			children = (
				0CF6E63A27171B4C00CC3B30 /* TextSearchToolbar.swift */,
				0C2F854626FE316000962464 /* ConsoleMainViewModel.swift */,
				0C2F854E26FE693200962464 /* ConsoleTableViewPro.swift */,
				0C172F962700C61700A179A7 /* ConsoleStoryView.swift */,
				0C17B20B2704E9AE00784EDC /* ConsoleDetailsRouter.swift */,
				0CF6E6382717179B00CC3B30 /* TextSearchViewModel.swift */,
			);
			path = Console;
			sourceTree = "<group>";
		};
		0C17B2002704D9AD00784EDC /* Inspectors */ = {
			isa = PBXGroup;
			children = (
				0CC93A5526FF952000F6C378 /* MessageDetailsViewPro.swift */,
				0CC93A5826FF9C6D00F6C378 /* NetworkInspectorViewPro.swift */,
				0C6E34A72701FECE00EA9254 /* NetworkInspectorResponseViewPro.swift */,
				0CC93A5A26FF9FDA00F6C378 /* NetworkInspectorHeadersViewPro.swift */,
				0CC93A5C26FFA76F00F6C378 /* KeyValueViewPro.swift */,
			);
			path = Inspectors;
			sourceTree = "<group>";
		};
		0C17B2012704D9BE00784EDC /* Network */ = {
			isa = PBXGroup;
			children = (
				0C17B2042704E37600784EDC /* NetworkListViewPro.swift */,
				0C17B20E2705021A00784EDC /* NetworkMainViewModel.swift */,
				0C17B210270502C100784EDC /* NetworkMessagesTextSearch.swift */,
			);
			path = Network;
			sourceTree = "<group>";
		};
		0C25ACD427068FEF000E6DD5 /* Pins */ = {
			isa = PBXGroup;
			children = (
				0C25ACD527068FF4000E6DD5 /* PinsService.swift */,
				0C25ACD72706A597000E6DD5 /* PinScrollerButton.swift */,
			);
			path = Pins;
			sourceTree = "<group>";
		};
		0C323A7325CEE6F3004067EA /* Shared */ = {
			isa = PBXGroup;
			children = (
				0CFF9BD725D619820069DB6A /* Resources */,
				0CD2A4AA25D4A2E70087E9E3 /* Mocks */,
			);
			path = Shared;
			sourceTree = "<group>";
		};
		0C353119270E35E6007148FD /* RichTextViewPro */ = {
			isa = PBXGroup;
			children = (
				0C85D60D2701428200211C4C /* RichTextViewPro.swift */,
				0C35311A270E35FF007148FD /* JSONTextView.swift */,
				0C35311C270E5F6E007148FD /* JSONView.swift */,
				0C35311E270E65E6007148FD /* JSONViewModel.swift */,
				0CEC579927123F24001DD5C9 /* StandaloneJSONViewer.swift */,
			);
			path = RichTextViewPro;
			sourceTree = "<group>";
		};
		0C43687B270D2EC80088AC3E /* JSON */ = {
			isa = PBXGroup;
			children = (
				0C43687C270D2FC80088AC3E /* JSON.swift */,
				0C43687E270D312A0088AC3E /* NewJSONPrinter.swift */,
			);
			path = JSON;
			sourceTree = "<group>";
		};
		0C515EB226FD117400D415F6 /* Routing */ = {
			isa = PBXGroup;
			children = (
				0C515EB326FD117E00D415F6 /* AppRouter.swift */,
				0C515EB026FD10C100D415F6 /* RouterView.swift */,
				0CA35CA5272D7C7000B127E8 /* FileRouterView.swift */,
			);
			path = Routing;
			sourceTree = "<group>";
		};
		0C515EB726FD283C00D415F6 /* Settings */ = {
			isa = PBXGroup;
			children = (
				0C515EB826FD284100D415F6 /* SettingsView.swift */,
				0C515EBA26FD288500D415F6 /* Settings.swift */,
			);
			path = Settings;
			sourceTree = "<group>";
		};
		0C57AD44245F0EFB005B3400 = {
			isa = PBXGroup;
			children = (
				0CC8DAB4288CAD260095D124 /* PulseUI */,
				0C7E56C928021C4600D7A8DF /* Pulse */,
				0C07EDCD25CEF648002DC091 /* README.md */,
				0CE3DB06260FB43D00521113 /* Scripts */,
				0C57AD64245F0F38005B3400 /* App */,
				0C699B3D27DE8B0900F502C3 /* Pulse */,
				0C57AD4E245F0EFB005B3400 /* Products */,
				0C57ADB2245F0FD2005B3400 /* Frameworks */,
			);
			sourceTree = "<group>";
		};
		0C57AD4E245F0EFB005B3400 /* Products */ = {
			isa = PBXGroup;
			children = (
				0C57AD8C245F0F55005B3400 /* Pulse Pro.app */,
			);
			name = Products;
			sourceTree = "<group>";
		};
		0C57AD64245F0F38005B3400 /* App */ = {
			isa = PBXGroup;
			children = (
				0C57AD65245F0F38005B3400 /* macOS */,
				0C323A7325CEE6F3004067EA /* Shared */,
				0CC8DB27288CAD440095D124 /* PulseUI */,
			);
			path = App;
			sourceTree = "<group>";
		};
		0C57AD65245F0F38005B3400 /* macOS */ = {
			isa = PBXGroup;
			children = (
				0C353119270E35E6007148FD /* RichTextViewPro */,
				0C43687B270D2EC80088AC3E /* JSON */,
				0C25ACD427068FEF000E6DD5 /* Pins */,
				0C17B1FE2704D98C00784EDC /* Main */,
				0C17B1FF2704D99E00784EDC /* Console */,
				0C17B2002704D9AD00784EDC /* Inspectors */,
				0C17B2012704D9BE00784EDC /* Network */,
				0C515EB726FD283C00D415F6 /* Settings */,
				0C515EB226FD117400D415F6 /* Routing */,
				0CD8645D26F9060F0021D549 /* Helpers */,
				0C82DFA626F2D41600700C4C /* RemoteLogger */,
				0C57AD6E245F0F38005B3400 /* App.swift */,
				0C64DC1726F4D0A1002BC061 /* AppDelegate.swift */,
				0C57ADC1245F1441005B3400 /* AppWelcomeView.swift */,
				0C2464A525D9D6C40057A577 /* AppCommands.swift */,
				0C57AD66245F0F38005B3400 /* Assets.xcassets */,
				0C57AD6D245F0F38005B3400 /* macOS.entitlements */,
				0C57AD6F245F0F38005B3400 /* Info.plist */,
			);
			path = macOS;
			sourceTree = "<group>";
		};
		0C57ADB2245F0FD2005B3400 /* Frameworks */ = {
			isa = PBXGroup;
			children = (
				0C17B1FC2704014D00784EDC /* jq-osx-amd64 */,
			);
			name = Frameworks;
			sourceTree = "<group>";
		};
		0C699B3D27DE8B0900F502C3 /* Pulse */ = {
			isa = PBXGroup;
			children = (
				0C699B3E27DE8B1100F502C3 /* Sources */,
			);
			name = Pulse;
			sourceTree = "<group>";
		};
		0C699B3E27DE8B1100F502C3 /* Sources */ = {
			isa = PBXGroup;
			children = (
			);
			name = Sources;
			path = Pulse/Sources;
			sourceTree = "<group>";
		};
		0C82DFA626F2D41600700C4C /* RemoteLogger */ = {
			isa = PBXGroup;
			children = (
				0C82DFA726F2D41D00700C4C /* RemoteLoggerServer.swift */,
				0CD8645926F8FB9C0021D549 /* RemoteLoggerClient.swift */,
				0CFB25D82708A25F00A06026 /* RemoteLoggerClientViewModel.swift */,
				0C32EA3826FBCF5C000EB5E6 /* RemoteLoggerViewModel.swift */,
				0C7E56CD28021C9800D7A8DF /* RemoteLoggerProtocol.swift */,
			);
			path = RemoteLogger;
			sourceTree = "<group>";
		};
		0CC8DB27288CAD440095D124 /* PulseUI */ = {
			isa = PBXGroup;
			children = (
				0CC8DB28288CAD440095D124 /* Mocks */,
				0CC8DB2B288CAD440095D124 /* Features */,
				0CC8DB6B288CAD440095D124 /* Extensions */,
				0CC8DB73288CAD440095D124 /* UIKItSupport */,
				0CC8DB75288CAD440095D124 /* Views */,
				0CC8DB8B288CAD440095D124 /* UXKit */,
				0CC8DB8D288CAD440095D124 /* Helpers */,
			);
			name = PulseUI;
			path = Pulse/Sources/PulseUI;
			sourceTree = SOURCE_ROOT;
		};
		0CC8DB28288CAD440095D124 /* Mocks */ = {
			isa = PBXGroup;
			children = (
				0CC8DB29288CAD440095D124 /* MockStore.swift */,
				0CC8DB2A288CAD440095D124 /* MockDataTask.swift */,
			);
			path = Mocks;
			sourceTree = "<group>";
		};
		0CC8DB2B288CAD440095D124 /* Features */ = {
			isa = PBXGroup;
			children = (
				0CC8DB2C288CAD440095D124 /* Pins */,
				0CC8DB2F288CAD440095D124 /* Filters */,
				0CC8DB3B288CAD440095D124 /* Settings */,
				0CC8DB41288CAD440095D124 /* MessageDetails */,
				0CC8DB46288CAD440095D124 /* Archive */,
				0CC8DB48288CAD440095D124 /* Inspector */,
				0CC8DB53288CAD440095D124 /* Network */,
				0CC8DB56288CAD440095D124 /* Main */,
				0CC8DB5C288CAD440095D124 /* Console */,
			);
			path = Features;
			sourceTree = "<group>";
		};
		0CC8DB2C288CAD440095D124 /* Pins */ = {
			isa = PBXGroup;
			children = (
				0CC8DB2D288CAD440095D124 /* PinsView-ios.swift */,
				0CC8DB2E288CAD440095D124 /* PinsViewModel.swift */,
			);
			path = Pins;
			sourceTree = "<group>";
		};
		0CC8DB2F288CAD440095D124 /* Filters */ = {
			isa = PBXGroup;
			children = (
				0CC8DB30288CAD440095D124 /* ConsoleSearchCriteria.swift */,
				0CC8DB31288CAD440095D124 /* ConsoleFiltersView-macos.swift */,
				0CC8DB32288CAD440095D124 /* Filters-ios.swift */,
				0CC8DB33288CAD440095D124 /* Filters-macos.swift */,
				0CC8DB34288CAD440095D124 /* ConsoleFiltersLabelsPickerView.swift */,
				0CC8DB35288CAD440095D124 /* ConsoleSearchCriteriaViewModel.swift */,
				0CC8DB36288CAD440095D124 /* ConsoleFiltersView-ios.swift */,
				0CC8DB37288CAD440095D124 /* NetworkSearchCriteriaViewModel.swift */,
				0CC8DB38288CAD440095D124 /* NetworkSearchCriteria.swift */,
				0CC8DB39288CAD440095D124 /* NetworkFiltersView-macos.swift */,
				0CC8DB3A288CAD440095D124 /* NetworkFiltersView-ios.swift */,
			);
			path = Filters;
			sourceTree = "<group>";
		};
		0CC8DB3B288CAD440095D124 /* Settings */ = {
			isa = PBXGroup;
			children = (
				0CC8DB3C288CAD440095D124 /* RemoteLoggerSettingsView.swift */,
				0CC8DB3D288CAD440095D124 /* SettingsView-ios.swift */,
				0CC8DB3E288CAD440095D124 /* StoreDetailsView.swift */,
				0CC8DB3F288CAD440095D124 /* SettingsView-tvos.swift */,
				0CC8DB40288CAD440095D124 /* SettingsView-macOS.swift */,
			);
			path = Settings;
			sourceTree = "<group>";
		};
		0CC8DB41288CAD440095D124 /* MessageDetails */ = {
			isa = PBXGroup;
			children = (
				0CC8DB42288CAD440095D124 /* ConsoleMessageMetadataView.swift */,
				0CC8DB43288CAD440095D124 /* ConsoleMessageDetailsView.swift */,
				0CC8DB44288CAD440095D124 /* ConsoleMessageDetailsRouter.swift */,
				0CC8DB45288CAD440095D124 /* ConsoleMessageDetailsViewModel.swift */,
			);
			path = MessageDetails;
			sourceTree = "<group>";
		};
		0CC8DB46288CAD440095D124 /* Archive */ = {
			isa = PBXGroup;
			children = (
				0CC8DB47288CAD440095D124 /* DocumentBrowser.swift */,
			);
			path = Archive;
			sourceTree = "<group>";
		};
		0CC8DB48288CAD440095D124 /* Inspector */ = {
			isa = PBXGroup;
			children = (
				0CC8DB49288CAD440095D124 /* NetworkInspectorResponseView.swift */,
				0CC8DB4A288CAD440095D124 /* NetworkInspectorMetricsDetailsView.swift */,
				0CC8DB4B288CAD440095D124 /* NetworkInspectorTransferInfoView.swift */,
				0CC8DB4C288CAD440095D124 /* NetworkInspectorView.swift */,
				0CC8DB4D288CAD440095D124 /* NetworkInspectorTransactionView.swift */,
				0CC8DB4E288CAD440095D124 /* NetworkInspectorTransactionsListView.swift */,
				0CC8DB4F288CAD440095D124 /* NetworkInspectorMetricsView.swift */,
				0CC8DB50288CAD440095D124 /* NetworkInspectorSummaryView.swift */,
				0CC8DB51288CAD440095D124 /* NetworkInspectorHeadersView.swift */,
				0CC8DB52288CAD440095D124 /* NetworkInspectorSummaryViewModel.swift */,
			);
			path = Inspector;
			sourceTree = "<group>";
		};
		0CC8DB53288CAD440095D124 /* Network */ = {
			isa = PBXGroup;
			children = (
				0CC8DB54288CAD440095D124 /* NetworkView.swift */,
				0CC8DB55288CAD440095D124 /* NetworkViewModel.swift */,
			);
			path = Network;
			sourceTree = "<group>";
		};
		0CC8DB56288CAD440095D124 /* Main */ = {
			isa = PBXGroup;
			children = (
				0CC8DB57288CAD440095D124 /* MainViewModel-macos.swift */,
				0CC8DB58288CAD440095D124 /* ConsoleConfiguration.swift */,
				0CC8DB59288CAD440095D124 /* MainView-macos.swift */,
				0CC8DB5A288CAD440095D124 /* MainView-ios-tvos.swift */,
				0CC8DB5B288CAD440095D124 /* MainViewModel-ios-tvos.swift */,
			);
			path = Main;
			sourceTree = "<group>";
		};
		0CC8DB5C288CAD440095D124 /* Console */ = {
			isa = PBXGroup;
			children = (
				0CC8DB5D288CAD440095D124 /* ConsoleMessagesForEach.swift */,
				0CC8DB5E288CAD440095D124 /* ConsoleTableView-macos.swift */,
				0CC8DB5F288CAD440095D124 /* ConsoleView-ios.swift */,
				0CC8DB60288CAD440095D124 /* ConsoleView-watchos.swift */,
				0CC8DB61288CAD440095D124 /* ConsoleView-tvos.swift */,
				0CC8DB62288CAD440095D124 /* ConsoleMessageViewModel.swift */,
				0CC8DB63288CAD440095D124 /* ConsoleNetworkRequestViewModel.swift */,
				0CC8DB64288CAD440095D124 /* ConsoleToolbar-macos.swift */,
				0CC8DB65288CAD440095D124 /* ConsoleMessageTableCell.swift */,
				0CC8DB66288CAD440095D124 /* ConsoleTableView-ios.swift */,
				0CC8DB67288CAD440095D124 /* ConsoleNetworkRequestTableCell.swift */,
				0CC8DB68288CAD440095D124 /* ConsoleMessageView.swift */,
				0CC8DB69288CAD440095D124 /* ConsoleNetworkRequestView.swift */,
				0CC8DB6A288CAD440095D124 /* ConsoleViewModel.swift */,
			);
			path = Console;
			sourceTree = "<group>";
		};
		0CC8DB6B288CAD440095D124 /* Extensions */ = {
			isa = PBXGroup;
			children = (
				0CC8DB6C288CAD440095D124 /* SwiftUIExtensions.swift */,
				0CC8DB6D288CAD440095D124 /* NetworkLoggerSummary+Sharing.swift */,
				0CC8DB6E288CAD440095D124 /* URLRequest+cURL.swift */,
				0CC8DB6F288CAD440095D124 /* NSTableView+Extensions.swift */,
				0CC8DB70288CAD440095D124 /* Foundation+Extensions.swift */,
				0CC8DB71288CAD440095D124 /* UITableView+Extensions.swift */,
				0CC8DB72288CAD440095D124 /* Formatters.swift */,
			);
			path = Extensions;
			sourceTree = "<group>";
		};
		0CC8DB73288CAD440095D124 /* UIKItSupport */ = {
			isa = PBXGroup;
			children = (
				0CC8DB74288CAD440095D124 /* MainViewController.swift */,
			);
			path = UIKItSupport;
			sourceTree = "<group>";
		};
		0CC8DB75288CAD440095D124 /* Views */ = {
			isa = PBXGroup;
			children = (
				0CC8DB76288CAD440095D124 /* NotSplitView.swift */,
				0CC8DB77288CAD440095D124 /* KeyValueGridView.swift */,
				0CC8DB78288CAD440095D124 /* BadgeView.swift */,
				0CC8DB79288CAD440095D124 /* Spinner.swift */,
				0CC8DB7A288CAD440095D124 /* PlaceholderView.swift */,
				0CC8DB7B288CAD440095D124 /* ToastView.swift */,
				0CC8DB7C288CAD440095D124 /* ExDivider.swift */,
				0CC8DB7D288CAD440095D124 /* ShareView.swift */,
				0CC8DB7E288CAD440095D124 /* SearchBar.swift */,
				0CC8DB7F288CAD440095D124 /* LargeSectionHeader.swift */,
				0CC8DB80288CAD440095D124 /* RichTextView-watchos.swift */,
				0CC8DB81288CAD440095D124 /* BadgePickerItemView.swift */,
				0CC8DB82288CAD440095D124 /* KeyValueSectionView+Factory.swift */,
				0CC8DB83288CAD440095D124 /* PlaceholderView+Extensions.swift */,
				0CC8DB84288CAD440095D124 /* TimingView.swift */,
				0CC8DB85288CAD440095D124 /* Border.swift */,
				0CC8DB86288CAD440095D124 /* KeyValueSectionView.swift */,
				0CC8DB87288CAD440095D124 /* Checkbox.swift */,
				0CC8DB88288CAD440095D124 /* PinButton.swift */,
				0CC8DB89288CAD440095D124 /* RichTextView.swift */,
				0CC8DB8A288CAD440095D124 /* ContextMenus.swift */,
			);
			path = Views;
			sourceTree = "<group>";
		};
		0CC8DB8B288CAD440095D124 /* UXKit */ = {
			isa = PBXGroup;
			children = (
				0CC8DB8C288CAD440095D124 /* UXKit.swift */,
			);
			path = UXKit;
			sourceTree = "<group>";
		};
		0CC8DB8D288CAD440095D124 /* Helpers */ = {
			isa = PBXGroup;
			children = (
				0CC8DB8E288CAD440095D124 /* FetchedObjects.swift */,
				0CC8DB8F288CAD440095D124 /* UIKit+Extensions.swift */,
				0CC8DB90288CAD440095D124 /* JSONPrinter.swift */,
				0CC8DB91288CAD440095D124 /* Cache.swift */,
				0CC8DB92288CAD440095D124 /* LoggerSync.swift */,
				0CC8DB93288CAD440095D124 /* ManagedObjectTextSearch.swift */,
				0CC8DB94288CAD440095D124 /* NetworkLoggerSummary.swift */,
				0CC8DB95288CAD440095D124 /* ShareItems.swift */,
			);
			path = Helpers;
			sourceTree = "<group>";
		};
		0CD2A4AA25D4A2E70087E9E3 /* Mocks */ = {
			isa = PBXGroup;
			children = (
				0CD2A4AC25D4A2E70087E9E3 /* MockDataTask.swift */,
				0CD2A4AB25D4A2E70087E9E3 /* MockStore.swift */,
			);
			path = Mocks;
			sourceTree = "<group>";
		};
		0CD8645D26F9060F0021D549 /* Helpers */ = {
			isa = PBXGroup;
			children = (
				0CD8645E26F906180021D549 /* Helpers.swift */,
				0CB2AD2A2706534B00DEBF29 /* Attributed.swift */,
				0C97EA2C26F3940E00BFA8E3 /* LoaderView.swift */,
				0C515EB526FD215100D415F6 /* WindowAccessor.swift */,
				0C2F854C26FE574B00962464 /* TableViewCells.swift */,
				0C23EFC727012CD700F81F0D /* LineNumbers.swift */,
				0C25ACD92707970E000E6DD5 /* TableScroller.swift */,
				0CC42A5E2708B0120038C89B /* ConsoleNetworkRequestContextMenuViewPro.swift */,
				0CB9A084271FA96E00CA99F3 /* TableViewExtensions.swift */,
				0C0B2CD22738161400DB711E /* ManagedObjectsList.swift */,
				0CE31C0D2730AD46004A84EB /* Align.swift */,
				0C9F04DC2884AA7F0035239F /* Version.swift */,
			);
			path = Helpers;
			sourceTree = "<group>";
		};
		0CFF9BD725D619820069DB6A /* Resources */ = {
			isa = PBXGroup;
			children = (
				0CFF9BD825D6199A0069DB6A /* repos.json */,
			);
			path = Resources;
			sourceTree = "<group>";
		};
/* End PBXGroup section */

/* Begin PBXNativeTarget section */
		0C57AD8B245F0F55005B3400 /* Pulse Pro */ = {
			isa = PBXNativeTarget;
			buildConfigurationList = 0C57AD9C245F0F56005B3400 /* Build configuration list for PBXNativeTarget "Pulse Pro" */;
			buildPhases = (
				0C57AD88245F0F55005B3400 /* Sources */,
				0C57AD89245F0F55005B3400 /* Frameworks */,
				0C57AD8A245F0F55005B3400 /* Resources */,
				0CB87256245F478C00CAF647 /* Embed Frameworks */,
			);
			buildRules = (
			);
			dependencies = (
			);
			name = "Pulse Pro";
			packageProductDependencies = (
				0C7E56CA28021C5800D7A8DF /* PulseCore */,
			);
			productName = "Pulse-macOS";
			productReference = 0C57AD8C245F0F55005B3400 /* Pulse Pro.app */;
			productType = "com.apple.product-type.application";
		};
/* End PBXNativeTarget section */

/* Begin PBXProject section */
		0C57AD45245F0EFB005B3400 /* Project object */ = {
			isa = PBXProject;
			attributes = {
				LastSwiftUpdateCheck = 1300;
				LastUpgradeCheck = 1240;
				ORGANIZATIONNAME = kean;
				TargetAttributes = {
					0C57AD8B245F0F55005B3400 = {
						CreatedOnToolsVersion = 11.4.1;
					};
				};
			};
			buildConfigurationList = 0C57AD48245F0EFB005B3400 /* Build configuration list for PBXProject "PulsePro" */;
			compatibilityVersion = "Xcode 9.3";
			developmentRegion = en;
			hasScannedForEncodings = 0;
			knownRegions = (
				en,
				Base,
			);
			mainGroup = 0C57AD44245F0EFB005B3400;
			packageReferences = (
			);
			productRefGroup = 0C57AD4E245F0EFB005B3400 /* Products */;
			projectDirPath = "";
			projectRoot = "";
			targets = (
				0C57AD8B245F0F55005B3400 /* Pulse Pro */,
			);
		};
/* End PBXProject section */

/* Begin PBXResourcesBuildPhase section */
		0C57AD8A245F0F55005B3400 /* Resources */ = {
			isa = PBXResourcesBuildPhase;
			buildActionMask = 2147483647;
			files = (
				0CC8DAB5288CAD260095D124 /* PulseUI in Resources */,
				0C57AD9F245F0F7F005B3400 /* Assets.xcassets in Resources */,
				0C17B1FD2704014D00784EDC /* jq-osx-amd64 in Resources */,
			);
			runOnlyForDeploymentPostprocessing = 0;
		};
/* End PBXResourcesBuildPhase section */

/* Begin PBXSourcesBuildPhase section */
		0C57AD88245F0F55005B3400 /* Sources */ = {
			isa = PBXSourcesBuildPhase;
			buildActionMask = 2147483647;
			files = (
				0C614B6A2726087E00F6978D /* ConsoleContainerView.swift in Sources */,
				0CC8DBC3288CAD440095D124 /* ConsoleView-watchos.swift in Sources */,
				0C82DFA826F2D41D00700C4C /* RemoteLoggerServer.swift in Sources */,
				0C43687F270D312A0088AC3E /* NewJSONPrinter.swift in Sources */,
				0CC8DBBD288CAD440095D124 /* MainView-macos.swift in Sources */,
				0CD8646626F921310021D549 /* RemoteLoggerClientStatusView.swift in Sources */,
				0CE63EAA2729D09D00BA278D /* SiderbarViewController.swift in Sources */,
				0CC8DBD5288CAD440095D124 /* MainViewController.swift in Sources */,
				0C17B20F2705021A00784EDC /* NetworkMainViewModel.swift in Sources */,
				0CC8DBAA288CAD440095D124 /* ConsoleMessageMetadataView.swift in Sources */,
				0CC8DBD8288CAD440095D124 /* BadgeView.swift in Sources */,
				0C9F04DD2884AA7F0035239F /* Version.swift in Sources */,
				0CC8DB99288CAD440095D124 /* PinsViewModel.swift in Sources */,
				0C172F972700C61700A179A7 /* ConsoleStoryView.swift in Sources */,
				0CC8DB9B288CAD440095D124 /* ConsoleFiltersView-macos.swift in Sources */,
				0CC8DBCA288CAD440095D124 /* ConsoleNetworkRequestTableCell.swift in Sources */,
				0CC93A5B26FF9FDA00F6C378 /* NetworkInspectorHeadersViewPro.swift in Sources */,
				0CC8DBC4288CAD440095D124 /* ConsoleView-tvos.swift in Sources */,
				0C2F854F26FE693200962464 /* ConsoleTableViewPro.swift in Sources */,
				0C35311B270E35FF007148FD /* JSONTextView.swift in Sources */,
				0CC8DBC6288CAD440095D124 /* ConsoleNetworkRequestViewModel.swift in Sources */,
				0CC8DBE1288CAD440095D124 /* BadgePickerItemView.swift in Sources */,
				0CEC579A27123F24001DD5C9 /* StandaloneJSONViewer.swift in Sources */,
				0CC8DBDC288CAD440095D124 /* ExDivider.swift in Sources */,
				0CC8DBBB288CAD440095D124 /* MainViewModel-macos.swift in Sources */,
				0C35311F270E65E6007148FD /* JSONViewModel.swift in Sources */,
				0CC8DBC2288CAD440095D124 /* ConsoleView-ios.swift in Sources */,
				0CC8DBBF288CAD440095D124 /* MainViewModel-ios-tvos.swift in Sources */,
				0C6E34A82701FECE00EA9254 /* NetworkInspectorResponseViewPro.swift in Sources */,
				0CC8DBD1288CAD440095D124 /* NSTableView+Extensions.swift in Sources */,
				0CC8DBCF288CAD440095D124 /* NetworkLoggerSummary+Sharing.swift in Sources */,
				0C32EA3926FBCF5C000EB5E6 /* RemoteLoggerViewModel.swift in Sources */,
				0CC8DBEC288CAD440095D124 /* FetchedObjects.swift in Sources */,
				0C515EB126FD10C100D415F6 /* RouterView.swift in Sources */,
				0CC8DBAE288CAD440095D124 /* DocumentBrowser.swift in Sources */,
				0C97EA2D26F3940E00BFA8E3 /* LoaderView.swift in Sources */,
				0CC8DBCE288CAD440095D124 /* SwiftUIExtensions.swift in Sources */,
				0CC8DBD2288CAD440095D124 /* Foundation+Extensions.swift in Sources */,
				0CC8DBCB288CAD440095D124 /* ConsoleMessageView.swift in Sources */,
				0CC8DBC5288CAD440095D124 /* ConsoleMessageViewModel.swift in Sources */,
				0CC8DBF3288CAD440095D124 /* ShareItems.swift in Sources */,
				0CC8DB96288CAD440095D124 /* MockStore.swift in Sources */,
				0CC8DBDA288CAD440095D124 /* PlaceholderView.swift in Sources */,
				0CC8DBB4288CAD440095D124 /* NetworkInspectorTransactionsListView.swift in Sources */,
				0CC8DBA5288CAD440095D124 /* RemoteLoggerSettingsView.swift in Sources */,
				0CC8DBE8288CAD440095D124 /* PinButton.swift in Sources */,
				0CC8DBF1288CAD440095D124 /* ManagedObjectTextSearch.swift in Sources */,
				0CC8DBC8288CAD440095D124 /* ConsoleMessageTableCell.swift in Sources */,
				0CD8645F26F906180021D549 /* Helpers.swift in Sources */,
				0CC8DBA4288CAD440095D124 /* NetworkFiltersView-ios.swift in Sources */,
				0CC8DBA8288CAD440095D124 /* SettingsView-tvos.swift in Sources */,
				0CC93A5926FF9C6D00F6C378 /* NetworkInspectorViewPro.swift in Sources */,
				0C17B211270502C100784EDC /* NetworkMessagesTextSearch.swift in Sources */,
				0CC8DBD4288CAD440095D124 /* Formatters.swift in Sources */,
				0CC8DBE0288CAD440095D124 /* RichTextView-watchos.swift in Sources */,
				0C32EBD126FCB83A000EB5E6 /* MainViewModelPro.swift in Sources */,
				0CC8DB98288CAD440095D124 /* PinsView-ios.swift in Sources */,
				0CC8DBEA288CAD440095D124 /* ContextMenus.swift in Sources */,
				0C0B2CD32738161400DB711E /* ManagedObjectsList.swift in Sources */,
				0CC8DBA9288CAD440095D124 /* SettingsView-macOS.swift in Sources */,
				0CC8DBBE288CAD440095D124 /* MainView-ios-tvos.swift in Sources */,
				0CB9A085271FA96E00CA99F3 /* TableViewExtensions.swift in Sources */,
				0CC8DBE3288CAD440095D124 /* PlaceholderView+Extensions.swift in Sources */,
				0C43687D270D2FC80088AC3E /* JSON.swift in Sources */,
				0CC8DBB3288CAD440095D124 /* NetworkInspectorTransactionView.swift in Sources */,
				0CC8DBC0288CAD440095D124 /* ConsoleMessagesForEach.swift in Sources */,
				0C35311D270E5F6E007148FD /* JSONView.swift in Sources */,
				0C2F854726FE316000962464 /* ConsoleMainViewModel.swift in Sources */,
				0CC8DBD0288CAD440095D124 /* URLRequest+cURL.swift in Sources */,
				0CC42A5F2708B0120038C89B /* ConsoleNetworkRequestContextMenuViewPro.swift in Sources */,
				0CC8DBC1288CAD440095D124 /* ConsoleTableView-macos.swift in Sources */,
				0CC8DBC9288CAD440095D124 /* ConsoleTableView-ios.swift in Sources */,
				0C23EFC827012CD700F81F0D /* LineNumbers.swift in Sources */,
				0CC8DBAC288CAD440095D124 /* ConsoleMessageDetailsRouter.swift in Sources */,
				0C25ACD627068FF4000E6DD5 /* PinsService.swift in Sources */,
				0CC93A5626FF952000F6C378 /* MessageDetailsViewPro.swift in Sources */,
				0C25ACDA2707970E000E6DD5 /* TableScroller.swift in Sources */,
				0CF6E6392717179B00CC3B30 /* TextSearchViewModel.swift in Sources */,
				0CC8DBF0288CAD440095D124 /* LoggerSync.swift in Sources */,
				0CC8DB9D288CAD440095D124 /* Filters-macos.swift in Sources */,
				0CC8DBB1288CAD440095D124 /* NetworkInspectorTransferInfoView.swift in Sources */,
				0C25ACD82706A597000E6DD5 /* PinScrollerButton.swift in Sources */,
				0CC8DBCC288CAD440095D124 /* ConsoleNetworkRequestView.swift in Sources */,
				0CC8DBDD288CAD440095D124 /* ShareView.swift in Sources */,
				0CC8DB97288CAD440095D124 /* MockDataTask.swift in Sources */,
				0CC8DB9E288CAD440095D124 /* ConsoleFiltersLabelsPickerView.swift in Sources */,
				0CC8DBA0288CAD440095D124 /* ConsoleFiltersView-ios.swift in Sources */,
				0CC8DBAB288CAD440095D124 /* ConsoleMessageDetailsView.swift in Sources */,
				0CF6E63B27171B4C00CC3B30 /* TextSearchToolbar.swift in Sources */,
				0CC8DBEF288CAD440095D124 /* Cache.swift in Sources */,
				0CC8DBD7288CAD440095D124 /* KeyValueGridView.swift in Sources */,
				0CC8DBE7288CAD440095D124 /* Checkbox.swift in Sources */,
				0CC8DB9A288CAD440095D124 /* ConsoleSearchCriteria.swift in Sources */,
				0CC8DBCD288CAD440095D124 /* ConsoleViewModel.swift in Sources */,
				0CC8DBE4288CAD440095D124 /* TimingView.swift in Sources */,
				0CC8DBA6288CAD440095D124 /* SettingsView-ios.swift in Sources */,
				0CC8DBB0288CAD440095D124 /* NetworkInspectorMetricsDetailsView.swift in Sources */,
				0CC8DBDE288CAD440095D124 /* SearchBar.swift in Sources */,
				0CB2AD2B2706534B00DEBF29 /* Attributed.swift in Sources */,
				0CC8DBED288CAD440095D124 /* UIKit+Extensions.swift in Sources */,
				0CC8DBE5288CAD440095D124 /* Border.swift in Sources */,
				0CE31C0E2730AD46004A84EB /* Align.swift in Sources */,
				0CC8DBB9288CAD440095D124 /* NetworkView.swift in Sources */,
				0CC8DBB6288CAD440095D124 /* NetworkInspectorSummaryView.swift in Sources */,
				0CC93A5D26FFA76F00F6C378 /* KeyValueViewPro.swift in Sources */,
				0CC8DBBC288CAD440095D124 /* ConsoleConfiguration.swift in Sources */,
				0CC8DBE9288CAD440095D124 /* RichTextView.swift in Sources */,
				0CC8DB9F288CAD440095D124 /* ConsoleSearchCriteriaViewModel.swift in Sources */,
				0CC8DBE2288CAD440095D124 /* KeyValueSectionView+Factory.swift in Sources */,
				0CC8DBA7288CAD440095D124 /* StoreDetailsView.swift in Sources */,
				0C515EB426FD117E00D415F6 /* AppRouter.swift in Sources */,
				0C17B2052704E37600784EDC /* NetworkListViewPro.swift in Sources */,
				0CC8DBA2288CAD440095D124 /* NetworkSearchCriteria.swift in Sources */,
				0C17B20C2704E9AE00784EDC /* ConsoleDetailsRouter.swift in Sources */,
				0CC8DBD9288CAD440095D124 /* Spinner.swift in Sources */,
				0C7E56CE28021C9800D7A8DF /* RemoteLoggerProtocol.swift in Sources */,
				0C85D60E2701428200211C4C /* RichTextViewPro.swift in Sources */,
				0CC8DBC7288CAD440095D124 /* ConsoleToolbar-macos.swift in Sources */,
				0CD8645A26F8FB9C0021D549 /* RemoteLoggerClient.swift in Sources */,
				0C515EB926FD284100D415F6 /* SettingsView.swift in Sources */,
				0C32EBCF26FCB6C6000EB5E6 /* MainViewPro.swift in Sources */,
				0CC8DB9C288CAD440095D124 /* Filters-ios.swift in Sources */,
				0C2464A625D9D6C40057A577 /* AppCommands.swift in Sources */,
				0CC8DBEB288CAD440095D124 /* UXKit.swift in Sources */,
				0C43E16C273888550094E465 /* ConsoleCommandsListenerView.swift in Sources */,
				0CC8DBE6288CAD440095D124 /* KeyValueSectionView.swift in Sources */,
				0CC8DBF2288CAD440095D124 /* NetworkLoggerSummary.swift in Sources */,
				0CC8DBEE288CAD440095D124 /* JSONPrinter.swift in Sources */,
				0CC8DBD3288CAD440095D124 /* UITableView+Extensions.swift in Sources */,
				0C515EB626FD215100D415F6 /* WindowAccessor.swift in Sources */,
				0C64DC1826F4D0A1002BC061 /* AppDelegate.swift in Sources */,
				0CC8DBB2288CAD440095D124 /* NetworkInspectorView.swift in Sources */,
				0C57ADC2245F1441005B3400 /* AppWelcomeView.swift in Sources */,
				0C515EBB26FD288500D415F6 /* Settings.swift in Sources */,
				0CC8DBDF288CAD440095D124 /* LargeSectionHeader.swift in Sources */,
				0CC8DBAD288CAD440095D124 /* ConsoleMessageDetailsViewModel.swift in Sources */,
				0CC8DBA3288CAD440095D124 /* NetworkFiltersView-macos.swift in Sources */,
				0C2F854D26FE574B00962464 /* TableViewCells.swift in Sources */,
				0CC8DBDB288CAD440095D124 /* ToastView.swift in Sources */,
				0CC8DBBA288CAD440095D124 /* NetworkViewModel.swift in Sources */,
				0CC8DBA1288CAD440095D124 /* NetworkSearchCriteriaViewModel.swift in Sources */,
				0CFB25D92708A25F00A06026 /* RemoteLoggerClientViewModel.swift in Sources */,
				0CC8DBB8288CAD440095D124 /* NetworkInspectorSummaryViewModel.swift in Sources */,
				0CC8DBB5288CAD440095D124 /* NetworkInspectorMetricsView.swift in Sources */,
				0CA35CA6272D7C7000B127E8 /* FileRouterView.swift in Sources */,
				0CC8DBAF288CAD440095D124 /* NetworkInspectorResponseView.swift in Sources */,
				0CC8DBD6288CAD440095D124 /* NotSplitView.swift in Sources */,
				0C57ADA4245F0F91005B3400 /* App.swift in Sources */,
				0CC8DBB7288CAD440095D124 /* NetworkInspectorHeadersView.swift in Sources */,
			);
			runOnlyForDeploymentPostprocessing = 0;
		};
/* End PBXSourcesBuildPhase section */

/* Begin XCBuildConfiguration section */
		0C57AD5F245F0EFD005B3400 /* Debug */ = {
			isa = XCBuildConfiguration;
			buildSettings = {
				ALWAYS_SEARCH_USER_PATHS = NO;
				CLANG_ANALYZER_NONNULL = YES;
				CLANG_ANALYZER_NUMBER_OBJECT_CONVERSION = YES_AGGRESSIVE;
				CLANG_CXX_LANGUAGE_STANDARD = "gnu++14";
				CLANG_ENABLE_MODULES = YES;
				CLANG_ENABLE_OBJC_ARC = YES;
				CLANG_ENABLE_OBJC_WEAK = YES;
				CLANG_WARN_BLOCK_CAPTURE_AUTORELEASING = YES;
				CLANG_WARN_BOOL_CONVERSION = YES;
				CLANG_WARN_COMMA = YES;
				CLANG_WARN_CONSTANT_CONVERSION = YES;
				CLANG_WARN_DEPRECATED_OBJC_IMPLEMENTATIONS = YES;
				CLANG_WARN_DIRECT_OBJC_ISA_USAGE = YES_ERROR;
				CLANG_WARN_DOCUMENTATION_COMMENTS = YES;
				CLANG_WARN_EMPTY_BODY = YES;
				CLANG_WARN_ENUM_CONVERSION = YES;
				CLANG_WARN_INFINITE_RECURSION = YES;
				CLANG_WARN_INT_CONVERSION = YES;
				CLANG_WARN_NON_LITERAL_NULL_CONVERSION = YES;
				CLANG_WARN_OBJC_IMPLICIT_RETAIN_SELF = YES;
				CLANG_WARN_OBJC_LITERAL_CONVERSION = YES;
				CLANG_WARN_OBJC_ROOT_CLASS = YES_ERROR;
				CLANG_WARN_QUOTED_INCLUDE_IN_FRAMEWORK_HEADER = YES;
				CLANG_WARN_RANGE_LOOP_ANALYSIS = YES;
				CLANG_WARN_STRICT_PROTOTYPES = YES;
				CLANG_WARN_SUSPICIOUS_MOVE = YES;
				CLANG_WARN_UNGUARDED_AVAILABILITY = YES_AGGRESSIVE;
				CLANG_WARN_UNREACHABLE_CODE = YES;
				CLANG_WARN__DUPLICATE_METHOD_MATCH = YES;
				COPY_PHASE_STRIP = NO;
				DEBUG_INFORMATION_FORMAT = dwarf;
				ENABLE_STRICT_OBJC_MSGSEND = YES;
				ENABLE_TESTABILITY = YES;
				GCC_C_LANGUAGE_STANDARD = gnu11;
				GCC_DYNAMIC_NO_PIC = NO;
				GCC_NO_COMMON_BLOCKS = YES;
				GCC_OPTIMIZATION_LEVEL = 0;
				GCC_PREPROCESSOR_DEFINITIONS = (
					"DEBUG=1",
					"$(inherited)",
				);
				GCC_WARN_64_TO_32_BIT_CONVERSION = YES;
				GCC_WARN_ABOUT_RETURN_TYPE = YES_ERROR;
				GCC_WARN_UNDECLARED_SELECTOR = YES;
				GCC_WARN_UNINITIALIZED_AUTOS = YES_AGGRESSIVE;
				GCC_WARN_UNUSED_FUNCTION = YES;
				GCC_WARN_UNUSED_VARIABLE = YES;
				IPHONEOS_DEPLOYMENT_TARGET = 13.4;
				ONLY_ACTIVE_ARCH = YES;
				SDKROOT = iphoneos;
				SWIFT_ACTIVE_COMPILATION_CONDITIONS = DEBUG;
				SWIFT_OPTIMIZATION_LEVEL = "-Onone";
			};
			name = Debug;
		};
		0C57AD60245F0EFD005B3400 /* Release */ = {
			isa = XCBuildConfiguration;
			buildSettings = {
				ALWAYS_SEARCH_USER_PATHS = NO;
				CLANG_ANALYZER_NONNULL = YES;
				CLANG_ANALYZER_NUMBER_OBJECT_CONVERSION = YES_AGGRESSIVE;
				CLANG_CXX_LANGUAGE_STANDARD = "gnu++14";
				CLANG_ENABLE_MODULES = YES;
				CLANG_ENABLE_OBJC_ARC = YES;
				CLANG_ENABLE_OBJC_WEAK = YES;
				CLANG_WARN_BLOCK_CAPTURE_AUTORELEASING = YES;
				CLANG_WARN_BOOL_CONVERSION = YES;
				CLANG_WARN_COMMA = YES;
				CLANG_WARN_CONSTANT_CONVERSION = YES;
				CLANG_WARN_DEPRECATED_OBJC_IMPLEMENTATIONS = YES;
				CLANG_WARN_DIRECT_OBJC_ISA_USAGE = YES_ERROR;
				CLANG_WARN_DOCUMENTATION_COMMENTS = YES;
				CLANG_WARN_EMPTY_BODY = YES;
				CLANG_WARN_ENUM_CONVERSION = YES;
				CLANG_WARN_INFINITE_RECURSION = YES;
				CLANG_WARN_INT_CONVERSION = YES;
				CLANG_WARN_NON_LITERAL_NULL_CONVERSION = YES;
				CLANG_WARN_OBJC_IMPLICIT_RETAIN_SELF = YES;
				CLANG_WARN_OBJC_LITERAL_CONVERSION = YES;
				CLANG_WARN_OBJC_ROOT_CLASS = YES_ERROR;
				CLANG_WARN_QUOTED_INCLUDE_IN_FRAMEWORK_HEADER = YES;
				CLANG_WARN_RANGE_LOOP_ANALYSIS = YES;
				CLANG_WARN_STRICT_PROTOTYPES = YES;
				CLANG_WARN_SUSPICIOUS_MOVE = YES;
				CLANG_WARN_UNGUARDED_AVAILABILITY = YES_AGGRESSIVE;
				CLANG_WARN_UNREACHABLE_CODE = YES;
				CLANG_WARN__DUPLICATE_METHOD_MATCH = YES;
				COPY_PHASE_STRIP = NO;
				DEBUG_INFORMATION_FORMAT = "dwarf-with-dsym";
				ENABLE_NS_ASSERTIONS = NO;
				ENABLE_STRICT_OBJC_MSGSEND = YES;
				GCC_C_LANGUAGE_STANDARD = gnu11;
				GCC_NO_COMMON_BLOCKS = YES;
				GCC_WARN_64_TO_32_BIT_CONVERSION = YES;
				GCC_WARN_ABOUT_RETURN_TYPE = YES_ERROR;
				GCC_WARN_UNDECLARED_SELECTOR = YES;
				GCC_WARN_UNINITIALIZED_AUTOS = YES_AGGRESSIVE;
				GCC_WARN_UNUSED_FUNCTION = YES;
				GCC_WARN_UNUSED_VARIABLE = YES;
				IPHONEOS_DEPLOYMENT_TARGET = 13.4;
				SDKROOT = iphoneos;
				SWIFT_COMPILATION_MODE = wholemodule;
				SWIFT_OPTIMIZATION_LEVEL = "-O";
				VALIDATE_PRODUCT = YES;
			};
			name = Release;
		};
		0C57AD9D245F0F56005B3400 /* Debug */ = {
			isa = XCBuildConfiguration;
			buildSettings = {
				ASSETCATALOG_COMPILER_APPICON_NAME = AppIcon;
				ASSETCATALOG_COMPILER_GLOBAL_ACCENT_COLOR_NAME = AccentColor;
				CODE_SIGN_ENTITLEMENTS = App/macOS/macOS.entitlements;
				CODE_SIGN_IDENTITY = "-";
				CODE_SIGN_STYLE = Automatic;
				COMBINE_HIDPI_IMAGES = YES;
				DEVELOPMENT_TEAM = NR8DLKJ7E6;
				ENABLE_PREVIEWS = YES;
				INFOPLIST_FILE = App/macOS/Info.plist;
				LD_RUNPATH_SEARCH_PATHS = (
					"$(inherited)",
					"@executable_path/../Frameworks",
				);
				MACOSX_DEPLOYMENT_TARGET = 11.0;
				MARKETING_VERSION = 1.4.1;
				PRODUCT_BUNDLE_IDENTIFIER = "com.github.kean.pulse-pro";
				PRODUCT_NAME = "Pulse Pro";
				SDKROOT = macosx;
				SWIFT_VERSION = 5.0;
			};
			name = Debug;
		};
		0C57AD9E245F0F56005B3400 /* Release */ = {
			isa = XCBuildConfiguration;
			buildSettings = {
				ASSETCATALOG_COMPILER_APPICON_NAME = AppIcon;
				ASSETCATALOG_COMPILER_GLOBAL_ACCENT_COLOR_NAME = AccentColor;
				CODE_SIGN_ENTITLEMENTS = App/macOS/macOS.entitlements;
				CODE_SIGN_IDENTITY = "-";
				CODE_SIGN_STYLE = Automatic;
				COMBINE_HIDPI_IMAGES = YES;
				DEVELOPMENT_TEAM = NR8DLKJ7E6;
				ENABLE_PREVIEWS = YES;
				INFOPLIST_FILE = App/macOS/Info.plist;
				LD_RUNPATH_SEARCH_PATHS = (
					"$(inherited)",
					"@executable_path/../Frameworks",
				);
				MACOSX_DEPLOYMENT_TARGET = 11.0;
				MARKETING_VERSION = 1.4.1;
				PRODUCT_BUNDLE_IDENTIFIER = "com.github.kean.pulse-pro";
				PRODUCT_NAME = "Pulse Pro";
				SDKROOT = macosx;
				SWIFT_VERSION = 5.0;
			};
			name = Release;
		};
/* End XCBuildConfiguration section */

/* Begin XCConfigurationList section */
		0C57AD48245F0EFB005B3400 /* Build configuration list for PBXProject "PulsePro" */ = {
			isa = XCConfigurationList;
			buildConfigurations = (
				0C57AD5F245F0EFD005B3400 /* Debug */,
				0C57AD60245F0EFD005B3400 /* Release */,
			);
			defaultConfigurationIsVisible = 0;
			defaultConfigurationName = Release;
		};
		0C57AD9C245F0F56005B3400 /* Build configuration list for PBXNativeTarget "Pulse Pro" */ = {
			isa = XCConfigurationList;
			buildConfigurations = (
				0C57AD9D245F0F56005B3400 /* Debug */,
				0C57AD9E245F0F56005B3400 /* Release */,
			);
			defaultConfigurationIsVisible = 0;
			defaultConfigurationName = Release;
		};
/* End XCConfigurationList section */

/* Begin XCSwiftPackageProductDependency section */
		0C7E56CA28021C5800D7A8DF /* PulseCore */ = {
			isa = XCSwiftPackageProductDependency;
			productName = PulseCore;
		};
/* End XCSwiftPackageProductDependency section */
	};
	rootObject = 0C57AD45245F0EFB005B3400 /* Project object */;
}
